// !$*UTF8*$!
{
	archiveVersion = 1;
	classes = {
	};
	objectVersion = 56;
	objects = {

/* Begin PBXBuildFile section */
		821C6FA629A7CDD200822AF5 /* ChooseYourFinishView.swift in Sources */ = {isa = PBXBuildFile; fileRef = 821C6FA529A7CDD200822AF5 /* ChooseYourFinishView.swift */; };
		821C6FA829A7D2B000822AF5 /* FinishItemView.swift in Sources */ = {isa = PBXBuildFile; fileRef = 821C6FA729A7D2B000822AF5 /* FinishItemView.swift */; };
		821C6FAA29A7D4C100822AF5 /* CapacityItemView.swift in Sources */ = {isa = PBXBuildFile; fileRef = 821C6FA929A7D4C100822AF5 /* CapacityItemView.swift */; };
		821C6FAC29A7EA0200822AF5 /* ChooseYourCapacityView.swift in Sources */ = {isa = PBXBuildFile; fileRef = 821C6FAB29A7EA0200822AF5 /* ChooseYourCapacityView.swift */; };
		826B3C7E29912A4900D00B1F /* AppleiPhoneChooseApp.swift in Sources */ = {isa = PBXBuildFile; fileRef = 826B3C7D29912A4900D00B1F /* AppleiPhoneChooseApp.swift */; };
		826B3C8029912A4900D00B1F /* ContentView.swift in Sources */ = {isa = PBXBuildFile; fileRef = 826B3C7F29912A4900D00B1F /* ContentView.swift */; };
		826B3C8229912A5300D00B1F /* Assets.xcassets in Resources */ = {isa = PBXBuildFile; fileRef = 826B3C8129912A5300D00B1F /* Assets.xcassets */; };
		826B3C8529912A5300D00B1F /* Preview Assets.xcassets in Resources */ = {isa = PBXBuildFile; fileRef = 826B3C8429912A5300D00B1F /* Preview Assets.xcassets */; };
		826B3C8F29912A5400D00B1F /* AppleiPhoneChooseTests.swift in Sources */ = {isa = PBXBuildFile; fileRef = 826B3C8E29912A5400D00B1F /* AppleiPhoneChooseTests.swift */; };
		826B3C9929912A5400D00B1F /* AppleiPhoneChooseUITests.swift in Sources */ = {isa = PBXBuildFile; fileRef = 826B3C9829912A5400D00B1F /* AppleiPhoneChooseUITests.swift */; };
		826B3C9B29912A5400D00B1F /* AppleiPhoneChooseUITestsLaunchTests.swift in Sources */ = {isa = PBXBuildFile; fileRef = 826B3C9A29912A5400D00B1F /* AppleiPhoneChooseUITestsLaunchTests.swift */; };
/* End PBXBuildFile section */

/* Begin PBXContainerItemProxy section */
		826B3C8B29912A5400D00B1F /* PBXContainerItemProxy */ = {
			isa = PBXContainerItemProxy;
			containerPortal = 826B3C7229912A4900D00B1F /* Project object */;
			proxyType = 1;
			remoteGlobalIDString = 826B3C7929912A4900D00B1F;
			remoteInfo = AppleiPhoneChoose;
		};
		826B3C9529912A5400D00B1F /* PBXContainerItemProxy */ = {
			isa = PBXContainerItemProxy;
			containerPortal = 826B3C7229912A4900D00B1F /* Project object */;
			proxyType = 1;
			remoteGlobalIDString = 826B3C7929912A4900D00B1F;
			remoteInfo = AppleiPhoneChoose;
		};
/* End PBXContainerItemProxy section */

/* Begin PBXFileReference section */
		821C6FA529A7CDD200822AF5 /* ChooseYourFinishView.swift */ = {isa = PBXFileReference; lastKnownFileType = sourcecode.swift; path = ChooseYourFinishView.swift; sourceTree = "<group>"; };
		821C6FA729A7D2B000822AF5 /* FinishItemView.swift */ = {isa = PBXFileReference; lastKnownFileType = sourcecode.swift; path = FinishItemView.swift; sourceTree = "<group>"; };
		821C6FA929A7D4C100822AF5 /* CapacityItemView.swift */ = {isa = PBXFileReference; lastKnownFileType = sourcecode.swift; path = CapacityItemView.swift; sourceTree = "<group>"; };
		821C6FAB29A7EA0200822AF5 /* ChooseYourCapacityView.swift */ = {isa = PBXFileReference; lastKnownFileType = sourcecode.swift; path = ChooseYourCapacityView.swift; sourceTree = "<group>"; };
		826B3C7A29912A4900D00B1F /* AppleiPhoneChoose.app */ = {isa = PBXFileReference; explicitFileType = wrapper.application; includeInIndex = 0; path = AppleiPhoneChoose.app; sourceTree = BUILT_PRODUCTS_DIR; };
		826B3C7D29912A4900D00B1F /* AppleiPhoneChooseApp.swift */ = {isa = PBXFileReference; lastKnownFileType = sourcecode.swift; path = AppleiPhoneChooseApp.swift; sourceTree = "<group>"; };
		826B3C7F29912A4900D00B1F /* ContentView.swift */ = {isa = PBXFileReference; lastKnownFileType = sourcecode.swift; path = ContentView.swift; sourceTree = "<group>"; };
		826B3C8129912A5300D00B1F /* Assets.xcassets */ = {isa = PBXFileReference; lastKnownFileType = folder.assetcatalog; path = Assets.xcassets; sourceTree = "<group>"; };
		826B3C8429912A5300D00B1F /* Preview Assets.xcassets */ = {isa = PBXFileReference; lastKnownFileType = folder.assetcatalog; path = "Preview Assets.xcassets"; sourceTree = "<group>"; };
		826B3C8A29912A5400D00B1F /* AppleiPhoneChooseTests.xctest */ = {isa = PBXFileReference; explicitFileType = wrapper.cfbundle; includeInIndex = 0; path = AppleiPhoneChooseTests.xctest; sourceTree = BUILT_PRODUCTS_DIR; };
		826B3C8E29912A5400D00B1F /* AppleiPhoneChooseTests.swift */ = {isa = PBXFileReference; lastKnownFileType = sourcecode.swift; path = AppleiPhoneChooseTests.swift; sourceTree = "<group>"; };
		826B3C9429912A5400D00B1F /* AppleiPhoneChooseUITests.xctest */ = {isa = PBXFileReference; explicitFileType = wrapper.cfbundle; includeInIndex = 0; path = AppleiPhoneChooseUITests.xctest; sourceTree = BUILT_PRODUCTS_DIR; };
		826B3C9829912A5400D00B1F /* AppleiPhoneChooseUITests.swift */ = {isa = PBXFileReference; lastKnownFileType = sourcecode.swift; path = AppleiPhoneChooseUITests.swift; sourceTree = "<group>"; };
		826B3C9A29912A5400D00B1F /* AppleiPhoneChooseUITestsLaunchTests.swift */ = {isa = PBXFileReference; lastKnownFileType = sourcecode.swift; path = AppleiPhoneChooseUITestsLaunchTests.swift; sourceTree = "<group>"; };
/* End PBXFileReference section */

/* Begin PBXFrameworksBuildPhase section */
		826B3C7729912A4900D00B1F /* Frameworks */ = {
			isa = PBXFrameworksBuildPhase;
			buildActionMask = 2147483647;
			files = (
			);
			runOnlyForDeploymentPostprocessing = 0;
		};
		826B3C8729912A5400D00B1F /* Frameworks */ = {
			isa = PBXFrameworksBuildPhase;
			buildActionMask = 2147483647;
			files = (
			);
			runOnlyForDeploymentPostprocessing = 0;
		};
		826B3C9129912A5400D00B1F /* Frameworks */ = {
			isa = PBXFrameworksBuildPhase;
			buildActionMask = 2147483647;
			files = (
			);
			runOnlyForDeploymentPostprocessing = 0;
		};
/* End PBXFrameworksBuildPhase section */

/* Begin PBXGroup section */
		821C6FAD29A7EA0B00822AF5 /* ChooseYourFinish */ = {
			isa = PBXGroup;
			children = (
				821C6FA729A7D2B000822AF5 /* FinishItemView.swift */,
				821C6FA529A7CDD200822AF5 /* ChooseYourFinishView.swift */,
			);
			path = ChooseYourFinish;
			sourceTree = "<group>";
		};
		821C6FAE29A7EA5600822AF5 /* ChooseYourCapacity */ = {
			isa = PBXGroup;
			children = (
				821C6FA929A7D4C100822AF5 /* CapacityItemView.swift */,
				821C6FAB29A7EA0200822AF5 /* ChooseYourCapacityView.swift */,
			);
			path = ChooseYourCapacity;
			sourceTree = "<group>";
		};
		826B3C7129912A4900D00B1F = {
			isa = PBXGroup;
			children = (
				826B3C7C29912A4900D00B1F /* AppleiPhoneChoose */,
				826B3C8D29912A5400D00B1F /* AppleiPhoneChooseTests */,
				826B3C9729912A5400D00B1F /* AppleiPhoneChooseUITests */,
				826B3C7B29912A4900D00B1F /* Products */,
			);
			sourceTree = "<group>";
		};
		826B3C7B29912A4900D00B1F /* Products */ = {
			isa = PBXGroup;
			children = (
				826B3C7A29912A4900D00B1F /* AppleiPhoneChoose.app */,
				826B3C8A29912A5400D00B1F /* AppleiPhoneChooseTests.xctest */,
				826B3C9429912A5400D00B1F /* AppleiPhoneChooseUITests.xctest */,
			);
			name = Products;
			sourceTree = "<group>";
		};
		826B3C7C29912A4900D00B1F /* AppleiPhoneChoose */ = {
			isa = PBXGroup;
			children = (
				821C6FAE29A7EA5600822AF5 /* ChooseYourCapacity */,
				821C6FAD29A7EA0B00822AF5 /* ChooseYourFinish */,
				826B3C7D29912A4900D00B1F /* AppleiPhoneChooseApp.swift */,
				826B3C7F29912A4900D00B1F /* ContentView.swift */,
				826B3C8129912A5300D00B1F /* Assets.xcassets */,
				826B3C8329912A5300D00B1F /* Preview Content */,
			);
			path = AppleiPhoneChoose;
			sourceTree = "<group>";
		};
		826B3C8329912A5300D00B1F /* Preview Content */ = {
			isa = PBXGroup;
			children = (
				826B3C8429912A5300D00B1F /* Preview Assets.xcassets */,
			);
			path = "Preview Content";
			sourceTree = "<group>";
		};
		826B3C8D29912A5400D00B1F /* AppleiPhoneChooseTests */ = {
			isa = PBXGroup;
			children = (
				826B3C8E29912A5400D00B1F /* AppleiPhoneChooseTests.swift */,
			);
			path = AppleiPhoneChooseTests;
			sourceTree = "<group>";
		};
		826B3C9729912A5400D00B1F /* AppleiPhoneChooseUITests */ = {
			isa = PBXGroup;
			children = (
				826B3C9829912A5400D00B1F /* AppleiPhoneChooseUITests.swift */,
				826B3C9A29912A5400D00B1F /* AppleiPhoneChooseUITestsLaunchTests.swift */,
			);
			path = AppleiPhoneChooseUITests;
			sourceTree = "<group>";
		};
/* End PBXGroup section */

/* Begin PBXNativeTarget section */
		826B3C7929912A4900D00B1F /* AppleiPhoneChoose */ = {
			isa = PBXNativeTarget;
			buildConfigurationList = 826B3C9E29912A5400D00B1F /* Build configuration list for PBXNativeTarget "AppleiPhoneChoose" */;
			buildPhases = (
				826B3C7629912A4900D00B1F /* Sources */,
				826B3C7729912A4900D00B1F /* Frameworks */,
				826B3C7829912A4900D00B1F /* Resources */,
			);
			buildRules = (
			);
			dependencies = (
			);
			name = AppleiPhoneChoose;
			productName = AppleiPhoneChoose;
			productReference = 826B3C7A29912A4900D00B1F /* AppleiPhoneChoose.app */;
			productType = "com.apple.product-type.application";
		};
		826B3C8929912A5400D00B1F /* AppleiPhoneChooseTests */ = {
			isa = PBXNativeTarget;
			buildConfigurationList = 826B3CA129912A5400D00B1F /* Build configuration list for PBXNativeTarget "AppleiPhoneChooseTests" */;
			buildPhases = (
				826B3C8629912A5400D00B1F /* Sources */,
				826B3C8729912A5400D00B1F /* Frameworks */,
				826B3C8829912A5400D00B1F /* Resources */,
			);
			buildRules = (
			);
			dependencies = (
				826B3C8C29912A5400D00B1F /* PBXTargetDependency */,
			);
			name = AppleiPhoneChooseTests;
			productName = AppleiPhoneChooseTests;
			productReference = 826B3C8A29912A5400D00B1F /* AppleiPhoneChooseTests.xctest */;
			productType = "com.apple.product-type.bundle.unit-test";
		};
		826B3C9329912A5400D00B1F /* AppleiPhoneChooseUITests */ = {
			isa = PBXNativeTarget;
			buildConfigurationList = 826B3CA429912A5400D00B1F /* Build configuration list for PBXNativeTarget "AppleiPhoneChooseUITests" */;
			buildPhases = (
				826B3C9029912A5400D00B1F /* Sources */,
				826B3C9129912A5400D00B1F /* Frameworks */,
				826B3C9229912A5400D00B1F /* Resources */,
			);
			buildRules = (
			);
			dependencies = (
				826B3C9629912A5400D00B1F /* PBXTargetDependency */,
			);
			name = AppleiPhoneChooseUITests;
			productName = AppleiPhoneChooseUITests;
			productReference = 826B3C9429912A5400D00B1F /* AppleiPhoneChooseUITests.xctest */;
			productType = "com.apple.product-type.bundle.ui-testing";
		};
/* End PBXNativeTarget section */

/* Begin PBXProject section */
		826B3C7229912A4900D00B1F /* Project object */ = {
			isa = PBXProject;
			attributes = {
				BuildIndependentTargetsInParallel = 1;
				LastSwiftUpdateCheck = 1420;
				LastUpgradeCheck = 1420;
				TargetAttributes = {
					826B3C7929912A4900D00B1F = {
						CreatedOnToolsVersion = 14.2;
					};
					826B3C8929912A5400D00B1F = {
						CreatedOnToolsVersion = 14.2;
						TestTargetID = 826B3C7929912A4900D00B1F;
					};
					826B3C9329912A5400D00B1F = {
						CreatedOnToolsVersion = 14.2;
						TestTargetID = 826B3C7929912A4900D00B1F;
					};
				};
			};
			buildConfigurationList = 826B3C7529912A4900D00B1F /* Build configuration list for PBXProject "AppleiPhoneChoose" */;
			compatibilityVersion = "Xcode 14.0";
			developmentRegion = en;
			hasScannedForEncodings = 0;
			knownRegions = (
				en,
				Base,
			);
			mainGroup = 826B3C7129912A4900D00B1F;
			productRefGroup = 826B3C7B29912A4900D00B1F /* Products */;
			projectDirPath = "";
			projectRoot = "";
			targets = (
				826B3C7929912A4900D00B1F /* AppleiPhoneChoose */,
				826B3C8929912A5400D00B1F /* AppleiPhoneChooseTests */,
				826B3C9329912A5400D00B1F /* AppleiPhoneChooseUITests */,
			);
		};
/* End PBXProject section */

/* Begin PBXResourcesBuildPhase section */
		826B3C7829912A4900D00B1F /* Resources */ = {
			isa = PBXResourcesBuildPhase;
			buildActionMask = 2147483647;
			files = (
				826B3C8529912A5300D00B1F /* Preview Assets.xcassets in Resources */,
				826B3C8229912A5300D00B1F /* Assets.xcassets in Resources */,
			);
			runOnlyForDeploymentPostprocessing = 0;
		};
		826B3C8829912A5400D00B1F /* Resources */ = {
			isa = PBXResourcesBuildPhase;
			buildActionMask = 2147483647;
			files = (
			);
			runOnlyForDeploymentPostprocessing = 0;
		};
		826B3C9229912A5400D00B1F /* Resources */ = {
			isa = PBXResourcesBuildPhase;
			buildActionMask = 2147483647;
			files = (
			);
			runOnlyForDeploymentPostprocessing = 0;
		};
/* End PBXResourcesBuildPhase section */

/* Begin PBXSourcesBuildPhase section */
		826B3C7629912A4900D00B1F /* Sources */ = {
			isa = PBXSourcesBuildPhase;
			buildActionMask = 2147483647;
			files = (
				821C6FAA29A7D4C100822AF5 /* CapacityItemView.swift in Sources */,
				826B3C8029912A4900D00B1F /* ContentView.swift in Sources */,
				821C6FAC29A7EA0200822AF5 /* ChooseYourCapacityView.swift in Sources */,
				821C6FA629A7CDD200822AF5 /* ChooseYourFinishView.swift in Sources */,
				821C6FA829A7D2B000822AF5 /* FinishItemView.swift in Sources */,
				826B3C7E29912A4900D00B1F /* AppleiPhoneChooseApp.swift in Sources */,
			);
			runOnlyForDeploymentPostprocessing = 0;
		};
		826B3C8629912A5400D00B1F /* Sources */ = {
			isa = PBXSourcesBuildPhase;
			buildActionMask = 2147483647;
			files = (
				826B3C8F29912A5400D00B1F /* AppleiPhoneChooseTests.swift in Sources */,
			);
			runOnlyForDeploymentPostprocessing = 0;
		};
		826B3C9029912A5400D00B1F /* Sources */ = {
			isa = PBXSourcesBuildPhase;
			buildActionMask = 2147483647;
			files = (
				826B3C9929912A5400D00B1F /* AppleiPhoneChooseUITests.swift in Sources */,
				826B3C9B29912A5400D00B1F /* AppleiPhoneChooseUITestsLaunchTests.swift in Sources */,
			);
			runOnlyForDeploymentPostprocessing = 0;
		};
/* End PBXSourcesBuildPhase section */

/* Begin PBXTargetDependency section */
		826B3C8C29912A5400D00B1F /* PBXTargetDependency */ = {
			isa = PBXTargetDependency;
			target = 826B3C7929912A4900D00B1F /* AppleiPhoneChoose */;
			targetProxy = 826B3C8B29912A5400D00B1F /* PBXContainerItemProxy */;
		};
		826B3C9629912A5400D00B1F /* PBXTargetDependency */ = {
			isa = PBXTargetDependency;
			target = 826B3C7929912A4900D00B1F /* AppleiPhoneChoose */;
			targetProxy = 826B3C9529912A5400D00B1F /* PBXContainerItemProxy */;
		};
/* End PBXTargetDependency section */

/* Begin XCBuildConfiguration section */
		826B3C9C29912A5400D00B1F /* Debug */ = {
			isa = XCBuildConfiguration;
			buildSettings = {
				ALWAYS_SEARCH_USER_PATHS = NO;
				CLANG_ANALYZER_NONNULL = YES;
				CLANG_ANALYZER_NUMBER_OBJECT_CONVERSION = YES_AGGRESSIVE;
				CLANG_CXX_LANGUAGE_STANDARD = "gnu++20";
				CLANG_ENABLE_MODULES = YES;
				CLANG_ENABLE_OBJC_ARC = YES;
				CLANG_ENABLE_OBJC_WEAK = YES;
				CLANG_WARN_BLOCK_CAPTURE_AUTORELEASING = YES;
				CLANG_WARN_BOOL_CONVERSION = YES;
				CLANG_WARN_COMMA = YES;
				CLANG_WARN_CONSTANT_CONVERSION = YES;
				CLANG_WARN_DEPRECATED_OBJC_IMPLEMENTATIONS = YES;
				CLANG_WARN_DIRECT_OBJC_ISA_USAGE = YES_ERROR;
				CLANG_WARN_DOCUMENTATION_COMMENTS = YES;
				CLANG_WARN_EMPTY_BODY = YES;
				CLANG_WARN_ENUM_CONVERSION = YES;
				CLANG_WARN_INFINITE_RECURSION = YES;
				CLANG_WARN_INT_CONVERSION = YES;
				CLANG_WARN_NON_LITERAL_NULL_CONVERSION = YES;
				CLANG_WARN_OBJC_IMPLICIT_RETAIN_SELF = YES;
				CLANG_WARN_OBJC_LITERAL_CONVERSION = YES;
				CLANG_WARN_OBJC_ROOT_CLASS = YES_ERROR;
				CLANG_WARN_QUOTED_INCLUDE_IN_FRAMEWORK_HEADER = YES;
				CLANG_WARN_RANGE_LOOP_ANALYSIS = YES;
				CLANG_WARN_STRICT_PROTOTYPES = YES;
				CLANG_WARN_SUSPICIOUS_MOVE = YES;
				CLANG_WARN_UNGUARDED_AVAILABILITY = YES_AGGRESSIVE;
				CLANG_WARN_UNREACHABLE_CODE = YES;
				CLANG_WARN__DUPLICATE_METHOD_MATCH = YES;
				COPY_PHASE_STRIP = NO;
				DEBUG_INFORMATION_FORMAT = dwarf;
				ENABLE_STRICT_OBJC_MSGSEND = YES;
				ENABLE_TESTABILITY = YES;
				GCC_C_LANGUAGE_STANDARD = gnu11;
				GCC_DYNAMIC_NO_PIC = NO;
				GCC_NO_COMMON_BLOCKS = YES;
				GCC_OPTIMIZATION_LEVEL = 0;
				GCC_PREPROCESSOR_DEFINITIONS = (
					"DEBUG=1",
					"$(inherited)",
				);
				GCC_WARN_64_TO_32_BIT_CONVERSION = YES;
				GCC_WARN_ABOUT_RETURN_TYPE = YES_ERROR;
				GCC_WARN_UNDECLARED_SELECTOR = YES;
				GCC_WARN_UNINITIALIZED_AUTOS = YES_AGGRESSIVE;
				GCC_WARN_UNUSED_FUNCTION = YES;
				GCC_WARN_UNUSED_VARIABLE = YES;
				IPHONEOS_DEPLOYMENT_TARGET = 16.2;
				MTL_ENABLE_DEBUG_INFO = INCLUDE_SOURCE;
				MTL_FAST_MATH = YES;
				ONLY_ACTIVE_ARCH = YES;
				SDKROOT = iphoneos;
				SWIFT_ACTIVE_COMPILATION_CONDITIONS = DEBUG;
				SWIFT_OPTIMIZATION_LEVEL = "-Onone";
			};
			name = Debug;
		};
		826B3C9D29912A5400D00B1F /* Release */ = {
			isa = XCBuildConfiguration;
			buildSettings = {
				ALWAYS_SEARCH_USER_PATHS = NO;
				CLANG_ANALYZER_NONNULL = YES;
				CLANG_ANALYZER_NUMBER_OBJECT_CONVERSION = YES_AGGRESSIVE;
				CLANG_CXX_LANGUAGE_STANDARD = "gnu++20";
				CLANG_ENABLE_MODULES = YES;
				CLANG_ENABLE_OBJC_ARC = YES;
				CLANG_ENABLE_OBJC_WEAK = YES;
				CLANG_WARN_BLOCK_CAPTURE_AUTORELEASING = YES;
				CLANG_WARN_BOOL_CONVERSION = YES;
				CLANG_WARN_COMMA = YES;
				CLANG_WARN_CONSTANT_CONVERSION = YES;
				CLANG_WARN_DEPRECATED_OBJC_IMPLEMENTATIONS = YES;
				CLANG_WARN_DIRECT_OBJC_ISA_USAGE = YES_ERROR;
				CLANG_WARN_DOCUMENTATION_COMMENTS = YES;
				CLANG_WARN_EMPTY_BODY = YES;
				CLANG_WARN_ENUM_CONVERSION = YES;
				CLANG_WARN_INFINITE_RECURSION = YES;
				CLANG_WARN_INT_CONVERSION = YES;
				CLANG_WARN_NON_LITERAL_NULL_CONVERSION = YES;
				CLANG_WARN_OBJC_IMPLICIT_RETAIN_SELF = YES;
				CLANG_WARN_OBJC_LITERAL_CONVERSION = YES;
				CLANG_WARN_OBJC_ROOT_CLASS = YES_ERROR;
				CLANG_WARN_QUOTED_INCLUDE_IN_FRAMEWORK_HEADER = YES;
				CLANG_WARN_RANGE_LOOP_ANALYSIS = YES;
				CLANG_WARN_STRICT_PROTOTYPES = YES;
				CLANG_WARN_SUSPICIOUS_MOVE = YES;
				CLANG_WARN_UNGUARDED_AVAILABILITY = YES_AGGRESSIVE;
				CLANG_WARN_UNREACHABLE_CODE = YES;
				CLANG_WARN__DUPLICATE_METHOD_MATCH = YES;
				COPY_PHASE_STRIP = NO;
				DEBUG_INFORMATION_FORMAT = "dwarf-with-dsym";
				ENABLE_NS_ASSERTIONS = NO;
				ENABLE_STRICT_OBJC_MSGSEND = YES;
				GCC_C_LANGUAGE_STANDARD = gnu11;
				GCC_NO_COMMON_BLOCKS = YES;
				GCC_WARN_64_TO_32_BIT_CONVERSION = YES;
				GCC_WARN_ABOUT_RETURN_TYPE = YES_ERROR;
				GCC_WARN_UNDECLARED_SELECTOR = YES;
				GCC_WARN_UNINITIALIZED_AUTOS = YES_AGGRESSIVE;
				GCC_WARN_UNUSED_FUNCTION = YES;
				GCC_WARN_UNUSED_VARIABLE = YES;
				IPHONEOS_DEPLOYMENT_TARGET = 16.2;
				MTL_ENABLE_DEBUG_INFO = NO;
				MTL_FAST_MATH = YES;
				SDKROOT = iphoneos;
				SWIFT_COMPILATION_MODE = wholemodule;
				SWIFT_OPTIMIZATION_LEVEL = "-O";
				VALIDATE_PRODUCT = YES;
			};
			name = Release;
		};
		826B3C9F29912A5400D00B1F /* Debug */ = {
			isa = XCBuildConfiguration;
			buildSettings = {
				ASSETCATALOG_COMPILER_APPICON_NAME = AppIcon;
				ASSETCATALOG_COMPILER_GLOBAL_ACCENT_COLOR_NAME = AccentColor;
				CODE_SIGN_STYLE = Automatic;
				CURRENT_PROJECT_VERSION = 1;
				DEVELOPMENT_ASSET_PATHS = "\"AppleiPhoneChoose/Preview Content\"";
				ENABLE_PREVIEWS = YES;
				GENERATE_INFOPLIST_FILE = YES;
				INFOPLIST_KEY_UIApplicationSceneManifest_Generation = YES;
				INFOPLIST_KEY_UIApplicationSupportsIndirectInputEvents = YES;
				INFOPLIST_KEY_UILaunchScreen_Generation = YES;
				INFOPLIST_KEY_UISupportedInterfaceOrientations_iPad = "UIInterfaceOrientationPortrait UIInterfaceOrientationPortraitUpsideDown UIInterfaceOrientationLandscapeLeft UIInterfaceOrientationLandscapeRight";
				INFOPLIST_KEY_UISupportedInterfaceOrientations_iPhone = "UIInterfaceOrientationPortrait UIInterfaceOrientationLandscapeLeft UIInterfaceOrientationLandscapeRight";
				LD_RUNPATH_SEARCH_PATHS = (
					"$(inherited)",
					"@executable_path/Frameworks",
				);
				MARKETING_VERSION = 1.0;
				PRODUCT_BUNDLE_IDENTIFIER = edu.missouri.AppleiPhoneChoose;
				PRODUCT_NAME = "$(TARGET_NAME)";
				SWIFT_EMIT_LOC_STRINGS = YES;
				SWIFT_VERSION = 5.0;
				TARGETED_DEVICE_FAMILY = "1,2";
			};
			name = Debug;
		};
		826B3CA029912A5400D00B1F /* Release */ = {
			isa = XCBuildConfiguration;
			buildSettings = {
				ASSETCATALOG_COMPILER_APPICON_NAME = AppIcon;
				ASSETCATALOG_COMPILER_GLOBAL_ACCENT_COLOR_NAME = AccentColor;
				CODE_SIGN_STYLE = Automatic;
				CURRENT_PROJECT_VERSION = 1;
				DEVELOPMENT_ASSET_PATHS = "\"AppleiPhoneChoose/Preview Content\"";
				ENABLE_PREVIEWS = YES;
				GENERATE_INFOPLIST_FILE = YES;
				INFOPLIST_KEY_UIApplicationSceneManifest_Generation = YES;
				INFOPLIST_KEY_UIApplicationSupportsIndirectInputEvents = YES;
				INFOPLIST_KEY_UILaunchScreen_Generation = YES;
				INFOPLIST_KEY_UISupportedInterfaceOrientations_iPad = "UIInterfaceOrientationPortrait UIInterfaceOrientationPortraitUpsideDown UIInterfaceOrientationLandscapeLeft UIInterfaceOrientationLandscapeRight";
				INFOPLIST_KEY_UISupportedInterfaceOrientations_iPhone = "UIInterfaceOrientationPortrait UIInterfaceOrientationLandscapeLeft UIInterfaceOrientationLandscapeRight";
				LD_RUNPATH_SEARCH_PATHS = (
					"$(inherited)",
					"@executable_path/Frameworks",
				);
				MARKETING_VERSION = 1.0;
				PRODUCT_BUNDLE_IDENTIFIER = edu.missouri.AppleiPhoneChoose;
				PRODUCT_NAME = "$(TARGET_NAME)";
				SWIFT_EMIT_LOC_STRINGS = YES;
				SWIFT_VERSION = 5.0;
				TARGETED_DEVICE_FAMILY = "1,2";
			};
			name = Release;
		};
		826B3CA229912A5400D00B1F /* Debug */ = {
			isa = XCBuildConfiguration;
			buildSettings = {
				ALWAYS_EMBED_SWIFT_STANDARD_LIBRARIES = YES;
				BUNDLE_LOADER = "$(TEST_HOST)";
				CODE_SIGN_STYLE = Automatic;
				CURRENT_PROJECT_VERSION = 1;
				GENERATE_INFOPLIST_FILE = YES;
				IPHONEOS_DEPLOYMENT_TARGET = 16.2;
				MARKETING_VERSION = 1.0;
				PRODUCT_BUNDLE_IDENTIFIER = edu.missouri.AppleiPhoneChooseTests;
				PRODUCT_NAME = "$(TARGET_NAME)";
				SWIFT_EMIT_LOC_STRINGS = NO;
				SWIFT_VERSION = 5.0;
				TARGETED_DEVICE_FAMILY = "1,2";
				TEST_HOST = "$(BUILT_PRODUCTS_DIR)/AppleiPhoneChoose.app/$(BUNDLE_EXECUTABLE_FOLDER_PATH)/AppleiPhoneChoose";
			};
			name = Debug;
		};
		826B3CA329912A5400D00B1F /* Release */ = {
			isa = XCBuildConfiguration;
			buildSettings = {
				ALWAYS_EMBED_SWIFT_STANDARD_LIBRARIES = YES;
				BUNDLE_LOADER = "$(TEST_HOST)";
				CODE_SIGN_STYLE = Automatic;
				CURRENT_PROJECT_VERSION = 1;
				GENERATE_INFOPLIST_FILE = YES;
				IPHONEOS_DEPLOYMENT_TARGET = 16.2;
				MARKETING_VERSION = 1.0;
				PRODUCT_BUNDLE_IDENTIFIER = edu.missouri.AppleiPhoneChooseTests;
				PRODUCT_NAME = "$(TARGET_NAME)";
				SWIFT_EMIT_LOC_STRINGS = NO;
				SWIFT_VERSION = 5.0;
				TARGETED_DEVICE_FAMILY = "1,2";
				TEST_HOST = "$(BUILT_PRODUCTS_DIR)/AppleiPhoneChoose.app/$(BUNDLE_EXECUTABLE_FOLDER_PATH)/AppleiPhoneChoose";
			};
			name = Release;
		};
		826B3CA529912A5400D00B1F /* Debug */ = {
			isa = XCBuildConfiguration;
			buildSettings = {
				ALWAYS_EMBED_SWIFT_STANDARD_LIBRARIES = YES;
				CODE_SIGN_STYLE = Automatic;
				CURRENT_PROJECT_VERSION = 1;
				GENERATE_INFOPLIST_FILE = YES;
				MARKETING_VERSION = 1.0;
				PRODUCT_BUNDLE_IDENTIFIER = edu.missouri.AppleiPhoneChooseUITests;
				PRODUCT_NAME = "$(TARGET_NAME)";
				SWIFT_EMIT_LOC_STRINGS = NO;
				SWIFT_VERSION = 5.0;
				TARGETED_DEVICE_FAMILY = "1,2";
				TEST_TARGET_NAME = AppleiPhoneChoose;
			};
			name = Debug;
		};
		826B3CA629912A5400D00B1F /* Release */ = {
			isa = XCBuildConfiguration;
			buildSettings = {
				ALWAYS_EMBED_SWIFT_STANDARD_LIBRARIES = YES;
				CODE_SIGN_STYLE = Automatic;
				CURRENT_PROJECT_VERSION = 1;
				GENERATE_INFOPLIST_FILE = YES;
				MARKETING_VERSION = 1.0;
				PRODUCT_BUNDLE_IDENTIFIER = edu.missouri.AppleiPhoneChooseUITests;
				PRODUCT_NAME = "$(TARGET_NAME)";
				SWIFT_EMIT_LOC_STRINGS = NO;
				SWIFT_VERSION = 5.0;
				TARGETED_DEVICE_FAMILY = "1,2";
				TEST_TARGET_NAME = AppleiPhoneChoose;
			};
			name = Release;
		};
/* End XCBuildConfiguration section */

/* Begin XCConfigurationList section */
		826B3C7529912A4900D00B1F /* Build configuration list for PBXProject "AppleiPhoneChoose" */ = {
			isa = XCConfigurationList;
			buildConfigurations = (
				826B3C9C29912A5400D00B1F /* Debug */,
				826B3C9D29912A5400D00B1F /* Release */,
			);
			defaultConfigurationIsVisible = 0;
			defaultConfigurationName = Release;
		};
		826B3C9E29912A5400D00B1F /* Build configuration list for PBXNativeTarget "AppleiPhoneChoose" */ = {
			isa = XCConfigurationList;
			buildConfigurations = (
				826B3C9F29912A5400D00B1F /* Debug */,
				826B3CA029912A5400D00B1F /* Release */,
			);
			defaultConfigurationIsVisible = 0;
			defaultConfigurationName = Release;
		};
		826B3CA129912A5400D00B1F /* Build configuration list for PBXNativeTarget "AppleiPhoneChooseTests" */ = {
			isa = XCConfigurationList;
			buildConfigurations = (
				826B3CA229912A5400D00B1F /* Debug */,
				826B3CA329912A5400D00B1F /* Release */,
			);
			defaultConfigurationIsVisible = 0;
			defaultConfigurationName = Release;
		};
		826B3CA429912A5400D00B1F /* Build configuration list for PBXNativeTarget "AppleiPhoneChooseUITests" */ = {
			isa = XCConfigurationList;
			buildConfigurations = (
				826B3CA529912A5400D00B1F /* Debug */,
				826B3CA629912A5400D00B1F /* Release */,
			);
			defaultConfigurationIsVisible = 0;
			defaultConfigurationName = Release;
		};
/* End XCConfigurationList section */
	};
	rootObject = 826B3C7229912A4900D00B1F /* Project object */;
}
