// !$*UTF8*$!
{
	archiveVersion = 1;
	classes = {
	};
	objectVersion = 56;
	objects = {

/* Begin PBXBuildFile section */
		826B3BA62990700800D00B1F /* Field_SurveyApp.swift in Sources */ = {isa = PBXBuildFile; fileRef = 826B3BA52990700800D00B1F /* Field_SurveyApp.swift */; };
		826B3BA82990700800D00B1F /* ContentView.swift in Sources */ = {isa = PBXBuildFile; fileRef = 826B3BA72990700800D00B1F /* ContentView.swift */; };
		826B3BAA2990700F00D00B1F /* Assets.xcassets in Resources */ = {isa = PBXBuildFile; fileRef = 826B3BA92990700F00D00B1F /* Assets.xcassets */; };
		826B3BAD2990700F00D00B1F /* Preview Assets.xcassets in Resources */ = {isa = PBXBuildFile; fileRef = 826B3BAC2990700F00D00B1F /* Preview Assets.xcassets */; };
		826B3BB72990701000D00B1F /* Field_SurveyTests.swift in Sources */ = {isa = PBXBuildFile; fileRef = 826B3BB62990701000D00B1F /* Field_SurveyTests.swift */; };
		826B3BC12990701000D00B1F /* Field_SurveyUITests.swift in Sources */ = {isa = PBXBuildFile; fileRef = 826B3BC02990701000D00B1F /* Field_SurveyUITests.swift */; };
		826B3BC32990701000D00B1F /* Field_SurveyUITestsLaunchTests.swift in Sources */ = {isa = PBXBuildFile; fileRef = 826B3BC22990701000D00B1F /* Field_SurveyUITestsLaunchTests.swift */; };
/* End PBXBuildFile section */

/* Begin PBXContainerItemProxy section */
		826B3BB32990701000D00B1F /* PBXContainerItemProxy */ = {
			isa = PBXContainerItemProxy;
			containerPortal = 826B3B9A2990700800D00B1F /* Project object */;
			proxyType = 1;
			remoteGlobalIDString = 826B3BA12990700800D00B1F;
			remoteInfo = "Field Survey";
		};
		826B3BBD2990701000D00B1F /* PBXContainerItemProxy */ = {
			isa = PBXContainerItemProxy;
			containerPortal = 826B3B9A2990700800D00B1F /* Project object */;
			proxyType = 1;
			remoteGlobalIDString = 826B3BA12990700800D00B1F;
			remoteInfo = "Field Survey";
		};
/* End PBXContainerItemProxy section */

/* Begin PBXFileReference section */
		826B3BA22990700800D00B1F /* Field Survey.app */ = {isa = PBXFileReference; explicitFileType = wrapper.application; includeInIndex = 0; path = "Field Survey.app"; sourceTree = BUILT_PRODUCTS_DIR; };
		826B3BA52990700800D00B1F /* Field_SurveyApp.swift */ = {isa = PBXFileReference; lastKnownFileType = sourcecode.swift; path = Field_SurveyApp.swift; sourceTree = "<group>"; };
		826B3BA72990700800D00B1F /* ContentView.swift */ = {isa = PBXFileReference; lastKnownFileType = sourcecode.swift; path = ContentView.swift; sourceTree = "<group>"; };
		826B3BA92990700F00D00B1F /* Assets.xcassets */ = {isa = PBXFileReference; lastKnownFileType = folder.assetcatalog; path = Assets.xcassets; sourceTree = "<group>"; };
		826B3BAC2990700F00D00B1F /* Preview Assets.xcassets */ = {isa = PBXFileReference; lastKnownFileType = folder.assetcatalog; path = "Preview Assets.xcassets"; sourceTree = "<group>"; };
		826B3BB22990701000D00B1F /* Field SurveyTests.xctest */ = {isa = PBXFileReference; explicitFileType = wrapper.cfbundle; includeInIndex = 0; path = "Field SurveyTests.xctest"; sourceTree = BUILT_PRODUCTS_DIR; };
		826B3BB62990701000D00B1F /* Field_SurveyTests.swift */ = {isa = PBXFileReference; lastKnownFileType = sourcecode.swift; path = Field_SurveyTests.swift; sourceTree = "<group>"; };
		826B3BBC2990701000D00B1F /* Field SurveyUITests.xctest */ = {isa = PBXFileReference; explicitFileType = wrapper.cfbundle; includeInIndex = 0; path = "Field SurveyUITests.xctest"; sourceTree = BUILT_PRODUCTS_DIR; };
		826B3BC02990701000D00B1F /* Field_SurveyUITests.swift */ = {isa = PBXFileReference; lastKnownFileType = sourcecode.swift; path = Field_SurveyUITests.swift; sourceTree = "<group>"; };
		826B3BC22990701000D00B1F /* Field_SurveyUITestsLaunchTests.swift */ = {isa = PBXFileReference; lastKnownFileType = sourcecode.swift; path = Field_SurveyUITestsLaunchTests.swift; sourceTree = "<group>"; };
/* End PBXFileReference section */

/* Begin PBXFrameworksBuildPhase section */
		826B3B9F2990700800D00B1F /* Frameworks */ = {
			isa = PBXFrameworksBuildPhase;
			buildActionMask = 2147483647;
			files = (
			);
			runOnlyForDeploymentPostprocessing = 0;
		};
		826B3BAF2990701000D00B1F /* Frameworks */ = {
			isa = PBXFrameworksBuildPhase;
			buildActionMask = 2147483647;
			files = (
			);
			runOnlyForDeploymentPostprocessing = 0;
		};
		826B3BB92990701000D00B1F /* Frameworks */ = {
			isa = PBXFrameworksBuildPhase;
			buildActionMask = 2147483647;
			files = (
			);
			runOnlyForDeploymentPostprocessing = 0;
		};
/* End PBXFrameworksBuildPhase section */

/* Begin PBXGroup section */
		826B3B992990700800D00B1F = {
			isa = PBXGroup;
			children = (
				826B3BA42990700800D00B1F /* Field Survey */,
				826B3BB52990701000D00B1F /* Field SurveyTests */,
				826B3BBF2990701000D00B1F /* Field SurveyUITests */,
				826B3BA32990700800D00B1F /* Products */,
			);
			sourceTree = "<group>";
		};
		826B3BA32990700800D00B1F /* Products */ = {
			isa = PBXGroup;
			children = (
				826B3BA22990700800D00B1F /* Field Survey.app */,
				826B3BB22990701000D00B1F /* Field SurveyTests.xctest */,
				826B3BBC2990701000D00B1F /* Field SurveyUITests.xctest */,
			);
			name = Products;
			sourceTree = "<group>";
		};
		826B3BA42990700800D00B1F /* Field Survey */ = {
			isa = PBXGroup;
			children = (
				826B3BA52990700800D00B1F /* Field_SurveyApp.swift */,
				826B3BA72990700800D00B1F /* ContentView.swift */,
				826B3BA92990700F00D00B1F /* Assets.xcassets */,
				826B3BAB2990700F00D00B1F /* Preview Content */,
			);
			path = "Field Survey";
			sourceTree = "<group>";
		};
		826B3BAB2990700F00D00B1F /* Preview Content */ = {
			isa = PBXGroup;
			children = (
				826B3BAC2990700F00D00B1F /* Preview Assets.xcassets */,
			);
			path = "Preview Content";
			sourceTree = "<group>";
		};
		826B3BB52990701000D00B1F /* Field SurveyTests */ = {
			isa = PBXGroup;
			children = (
				826B3BB62990701000D00B1F /* Field_SurveyTests.swift */,
			);
			path = "Field SurveyTests";
			sourceTree = "<group>";
		};
		826B3BBF2990701000D00B1F /* Field SurveyUITests */ = {
			isa = PBXGroup;
			children = (
				826B3BC02990701000D00B1F /* Field_SurveyUITests.swift */,
				826B3BC22990701000D00B1F /* Field_SurveyUITestsLaunchTests.swift */,
			);
			path = "Field SurveyUITests";
			sourceTree = "<group>";
		};
/* End PBXGroup section */

/* Begin PBXNativeTarget section */
		826B3BA12990700800D00B1F /* Field Survey */ = {
			isa = PBXNativeTarget;
			buildConfigurationList = 826B3BC62990701000D00B1F /* Build configuration list for PBXNativeTarget "Field Survey" */;
			buildPhases = (
				826B3B9E2990700800D00B1F /* Sources */,
				826B3B9F2990700800D00B1F /* Frameworks */,
				826B3BA02990700800D00B1F /* Resources */,
			);
			buildRules = (
			);
			dependencies = (
			);
			name = "Field Survey";
			productName = "Field Survey";
			productReference = 826B3BA22990700800D00B1F /* Field Survey.app */;
			productType = "com.apple.product-type.application";
		};
		826B3BB12990701000D00B1F /* Field SurveyTests */ = {
			isa = PBXNativeTarget;
			buildConfigurationList = 826B3BC92990701000D00B1F /* Build configuration list for PBXNativeTarget "Field SurveyTests" */;
			buildPhases = (
				826B3BAE2990701000D00B1F /* Sources */,
				826B3BAF2990701000D00B1F /* Frameworks */,
				826B3BB02990701000D00B1F /* Resources */,
			);
			buildRules = (
			);
			dependencies = (
				826B3BB42990701000D00B1F /* PBXTargetDependency */,
			);
			name = "Field SurveyTests";
			productName = "Field SurveyTests";
			productReference = 826B3BB22990701000D00B1F /* Field SurveyTests.xctest */;
			productType = "com.apple.product-type.bundle.unit-test";
		};
		826B3BBB2990701000D00B1F /* Field SurveyUITests */ = {
			isa = PBXNativeTarget;
			buildConfigurationList = 826B3BCC2990701000D00B1F /* Build configuration list for PBXNativeTarget "Field SurveyUITests" */;
			buildPhases = (
				826B3BB82990701000D00B1F /* Sources */,
				826B3BB92990701000D00B1F /* Frameworks */,
				826B3BBA2990701000D00B1F /* Resources */,
			);
			buildRules = (
			);
			dependencies = (
				826B3BBE2990701000D00B1F /* PBXTargetDependency */,
			);
			name = "Field SurveyUITests";
			productName = "Field SurveyUITests";
			productReference = 826B3BBC2990701000D00B1F /* Field SurveyUITests.xctest */;
			productType = "com.apple.product-type.bundle.ui-testing";
		};
/* End PBXNativeTarget section */

/* Begin PBXProject section */
		826B3B9A2990700800D00B1F /* Project object */ = {
			isa = PBXProject;
			attributes = {
				BuildIndependentTargetsInParallel = 1;
				LastSwiftUpdateCheck = 1420;
				LastUpgradeCheck = 1420;
				TargetAttributes = {
					826B3BA12990700800D00B1F = {
						CreatedOnToolsVersion = 14.2;
					};
					826B3BB12990701000D00B1F = {
						CreatedOnToolsVersion = 14.2;
						TestTargetID = 826B3BA12990700800D00B1F;
					};
					826B3BBB2990701000D00B1F = {
						CreatedOnToolsVersion = 14.2;
						TestTargetID = 826B3BA12990700800D00B1F;
					};
				};
			};
			buildConfigurationList = 826B3B9D2990700800D00B1F /* Build configuration list for PBXProject "Field Survey" */;
			compatibilityVersion = "Xcode 14.0";
			developmentRegion = en;
			hasScannedForEncodings = 0;
			knownRegions = (
				en,
				Base,
			);
			mainGroup = 826B3B992990700800D00B1F;
			productRefGroup = 826B3BA32990700800D00B1F /* Products */;
			projectDirPath = "";
			projectRoot = "";
			targets = (
				826B3BA12990700800D00B1F /* Field Survey */,
				826B3BB12990701000D00B1F /* Field SurveyTests */,
				826B3BBB2990701000D00B1F /* Field SurveyUITests */,
			);
		};
/* End PBXProject section */

/* Begin PBXResourcesBuildPhase section */
		826B3BA02990700800D00B1F /* Resources */ = {
			isa = PBXResourcesBuildPhase;
			buildActionMask = 2147483647;
			files = (
				826B3BAD2990700F00D00B1F /* Preview Assets.xcassets in Resources */,
				826B3BAA2990700F00D00B1F /* Assets.xcassets in Resources */,
			);
			runOnlyForDeploymentPostprocessing = 0;
		};
		826B3BB02990701000D00B1F /* Resources */ = {
			isa = PBXResourcesBuildPhase;
			buildActionMask = 2147483647;
			files = (
			);
			runOnlyForDeploymentPostprocessing = 0;
		};
		826B3BBA2990701000D00B1F /* Resources */ = {
			isa = PBXResourcesBuildPhase;
			buildActionMask = 2147483647;
			files = (
			);
			runOnlyForDeploymentPostprocessing = 0;
		};
/* End PBXResourcesBuildPhase section */

/* Begin PBXSourcesBuildPhase section */
		826B3B9E2990700800D00B1F /* Sources */ = {
			isa = PBXSourcesBuildPhase;
			buildActionMask = 2147483647;
			files = (
				826B3BA82990700800D00B1F /* ContentView.swift in Sources */,
				826B3BA62990700800D00B1F /* Field_SurveyApp.swift in Sources */,
			);
			runOnlyForDeploymentPostprocessing = 0;
		};
		826B3BAE2990701000D00B1F /* Sources */ = {
			isa = PBXSourcesBuildPhase;
			buildActionMask = 2147483647;
			files = (
				826B3BB72990701000D00B1F /* Field_SurveyTests.swift in Sources */,
			);
			runOnlyForDeploymentPostprocessing = 0;
		};
		826B3BB82990701000D00B1F /* Sources */ = {
			isa = PBXSourcesBuildPhase;
			buildActionMask = 2147483647;
			files = (
				826B3BC12990701000D00B1F /* Field_SurveyUITests.swift in Sources */,
				826B3BC32990701000D00B1F /* Field_SurveyUITestsLaunchTests.swift in Sources */,
			);
			runOnlyForDeploymentPostprocessing = 0;
		};
/* End PBXSourcesBuildPhase section */

/* Begin PBXTargetDependency section */
		826B3BB42990701000D00B1F /* PBXTargetDependency */ = {
			isa = PBXTargetDependency;
			target = 826B3BA12990700800D00B1F /* Field Survey */;
			targetProxy = 826B3BB32990701000D00B1F /* PBXContainerItemProxy */;
		};
		826B3BBE2990701000D00B1F /* PBXTargetDependency */ = {
			isa = PBXTargetDependency;
			target = 826B3BA12990700800D00B1F /* Field Survey */;
			targetProxy = 826B3BBD2990701000D00B1F /* PBXContainerItemProxy */;
		};
/* End PBXTargetDependency section */

/* Begin XCBuildConfiguration section */
		826B3BC42990701000D00B1F /* Debug */ = {
			isa = XCBuildConfiguration;
			buildSettings = {
				ALWAYS_SEARCH_USER_PATHS = NO;
				CLANG_ANALYZER_NONNULL = YES;
				CLANG_ANALYZER_NUMBER_OBJECT_CONVERSION = YES_AGGRESSIVE;
				CLANG_CXX_LANGUAGE_STANDARD = "gnu++20";
				CLANG_ENABLE_MODULES = YES;
				CLANG_ENABLE_OBJC_ARC = YES;
				CLANG_ENABLE_OBJC_WEAK = YES;
				CLANG_WARN_BLOCK_CAPTURE_AUTORELEASING = YES;
				CLANG_WARN_BOOL_CONVERSION = YES;
				CLANG_WARN_COMMA = YES;
				CLANG_WARN_CONSTANT_CONVERSION = YES;
				CLANG_WARN_DEPRECATED_OBJC_IMPLEMENTATIONS = YES;
				CLANG_WARN_DIRECT_OBJC_ISA_USAGE = YES_ERROR;
				CLANG_WARN_DOCUMENTATION_COMMENTS = YES;
				CLANG_WARN_EMPTY_BODY = YES;
				CLANG_WARN_ENUM_CONVERSION = YES;
				CLANG_WARN_INFINITE_RECURSION = YES;
				CLANG_WARN_INT_CONVERSION = YES;
				CLANG_WARN_NON_LITERAL_NULL_CONVERSION = YES;
				CLANG_WARN_OBJC_IMPLICIT_RETAIN_SELF = YES;
				CLANG_WARN_OBJC_LITERAL_CONVERSION = YES;
				CLANG_WARN_OBJC_ROOT_CLASS = YES_ERROR;
				CLANG_WARN_QUOTED_INCLUDE_IN_FRAMEWORK_HEADER = YES;
				CLANG_WARN_RANGE_LOOP_ANALYSIS = YES;
				CLANG_WARN_STRICT_PROTOTYPES = YES;
				CLANG_WARN_SUSPICIOUS_MOVE = YES;
				CLANG_WARN_UNGUARDED_AVAILABILITY = YES_AGGRESSIVE;
				CLANG_WARN_UNREACHABLE_CODE = YES;
				CLANG_WARN__DUPLICATE_METHOD_MATCH = YES;
				COPY_PHASE_STRIP = NO;
				DEBUG_INFORMATION_FORMAT = dwarf;
				ENABLE_STRICT_OBJC_MSGSEND = YES;
				ENABLE_TESTABILITY = YES;
				GCC_C_LANGUAGE_STANDARD = gnu11;
				GCC_DYNAMIC_NO_PIC = NO;
				GCC_NO_COMMON_BLOCKS = YES;
				GCC_OPTIMIZATION_LEVEL = 0;
				GCC_PREPROCESSOR_DEFINITIONS = (
					"DEBUG=1",
					"$(inherited)",
				);
				GCC_WARN_64_TO_32_BIT_CONVERSION = YES;
				GCC_WARN_ABOUT_RETURN_TYPE = YES_ERROR;
				GCC_WARN_UNDECLARED_SELECTOR = YES;
				GCC_WARN_UNINITIALIZED_AUTOS = YES_AGGRESSIVE;
				GCC_WARN_UNUSED_FUNCTION = YES;
				GCC_WARN_UNUSED_VARIABLE = YES;
				IPHONEOS_DEPLOYMENT_TARGET = 16.2;
				MTL_ENABLE_DEBUG_INFO = INCLUDE_SOURCE;
				MTL_FAST_MATH = YES;
				ONLY_ACTIVE_ARCH = YES;
				SDKROOT = iphoneos;
				SWIFT_ACTIVE_COMPILATION_CONDITIONS = DEBUG;
				SWIFT_OPTIMIZATION_LEVEL = "-Onone";
			};
			name = Debug;
		};
		826B3BC52990701000D00B1F /* Release */ = {
			isa = XCBuildConfiguration;
			buildSettings = {
				ALWAYS_SEARCH_USER_PATHS = NO;
				CLANG_ANALYZER_NONNULL = YES;
				CLANG_ANALYZER_NUMBER_OBJECT_CONVERSION = YES_AGGRESSIVE;
				CLANG_CXX_LANGUAGE_STANDARD = "gnu++20";
				CLANG_ENABLE_MODULES = YES;
				CLANG_ENABLE_OBJC_ARC = YES;
				CLANG_ENABLE_OBJC_WEAK = YES;
				CLANG_WARN_BLOCK_CAPTURE_AUTORELEASING = YES;
				CLANG_WARN_BOOL_CONVERSION = YES;
				CLANG_WARN_COMMA = YES;
				CLANG_WARN_CONSTANT_CONVERSION = YES;
				CLANG_WARN_DEPRECATED_OBJC_IMPLEMENTATIONS = YES;
				CLANG_WARN_DIRECT_OBJC_ISA_USAGE = YES_ERROR;
				CLANG_WARN_DOCUMENTATION_COMMENTS = YES;
				CLANG_WARN_EMPTY_BODY = YES;
				CLANG_WARN_ENUM_CONVERSION = YES;
				CLANG_WARN_INFINITE_RECURSION = YES;
				CLANG_WARN_INT_CONVERSION = YES;
				CLANG_WARN_NON_LITERAL_NULL_CONVERSION = YES;
				CLANG_WARN_OBJC_IMPLICIT_RETAIN_SELF = YES;
				CLANG_WARN_OBJC_LITERAL_CONVERSION = YES;
				CLANG_WARN_OBJC_ROOT_CLASS = YES_ERROR;
				CLANG_WARN_QUOTED_INCLUDE_IN_FRAMEWORK_HEADER = YES;
				CLANG_WARN_RANGE_LOOP_ANALYSIS = YES;
				CLANG_WARN_STRICT_PROTOTYPES = YES;
				CLANG_WARN_SUSPICIOUS_MOVE = YES;
				CLANG_WARN_UNGUARDED_AVAILABILITY = YES_AGGRESSIVE;
				CLANG_WARN_UNREACHABLE_CODE = YES;
				CLANG_WARN__DUPLICATE_METHOD_MATCH = YES;
				COPY_PHASE_STRIP = NO;
				DEBUG_INFORMATION_FORMAT = "dwarf-with-dsym";
				ENABLE_NS_ASSERTIONS = NO;
				ENABLE_STRICT_OBJC_MSGSEND = YES;
				GCC_C_LANGUAGE_STANDARD = gnu11;
				GCC_NO_COMMON_BLOCKS = YES;
				GCC_WARN_64_TO_32_BIT_CONVERSION = YES;
				GCC_WARN_ABOUT_RETURN_TYPE = YES_ERROR;
				GCC_WARN_UNDECLARED_SELECTOR = YES;
				GCC_WARN_UNINITIALIZED_AUTOS = YES_AGGRESSIVE;
				GCC_WARN_UNUSED_FUNCTION = YES;
				GCC_WARN_UNUSED_VARIABLE = YES;
				IPHONEOS_DEPLOYMENT_TARGET = 16.2;
				MTL_ENABLE_DEBUG_INFO = NO;
				MTL_FAST_MATH = YES;
				SDKROOT = iphoneos;
				SWIFT_COMPILATION_MODE = wholemodule;
				SWIFT_OPTIMIZATION_LEVEL = "-O";
				VALIDATE_PRODUCT = YES;
			};
			name = Release;
		};
		826B3BC72990701000D00B1F /* Debug */ = {
			isa = XCBuildConfiguration;
			buildSettings = {
				ASSETCATALOG_COMPILER_APPICON_NAME = AppIcon;
				ASSETCATALOG_COMPILER_GLOBAL_ACCENT_COLOR_NAME = AccentColor;
				CODE_SIGN_STYLE = Automatic;
				CURRENT_PROJECT_VERSION = 1;
				DEVELOPMENT_ASSET_PATHS = "\"Field Survey/Preview Content\"";
				ENABLE_PREVIEWS = YES;
				GENERATE_INFOPLIST_FILE = YES;
				INFOPLIST_KEY_UIApplicationSceneManifest_Generation = YES;
				INFOPLIST_KEY_UIApplicationSupportsIndirectInputEvents = YES;
				INFOPLIST_KEY_UILaunchScreen_Generation = YES;
				INFOPLIST_KEY_UISupportedInterfaceOrientations_iPad = "UIInterfaceOrientationPortrait UIInterfaceOrientationPortraitUpsideDown UIInterfaceOrientationLandscapeLeft UIInterfaceOrientationLandscapeRight";
				INFOPLIST_KEY_UISupportedInterfaceOrientations_iPhone = "UIInterfaceOrientationPortrait UIInterfaceOrientationLandscapeLeft UIInterfaceOrientationLandscapeRight";
				LD_RUNPATH_SEARCH_PATHS = (
					"$(inherited)",
					"@executable_path/Frameworks",
				);
				MARKETING_VERSION = 1.0;
				PRODUCT_BUNDLE_IDENTIFIER = "edu.missouri.Field-Survey";
				PRODUCT_NAME = "$(TARGET_NAME)";
				SWIFT_EMIT_LOC_STRINGS = YES;
				SWIFT_VERSION = 5.0;
				TARGETED_DEVICE_FAMILY = "1,2";
			};
			name = Debug;
		};
		826B3BC82990701000D00B1F /* Release */ = {
			isa = XCBuildConfiguration;
			buildSettings = {
				ASSETCATALOG_COMPILER_APPICON_NAME = AppIcon;
				ASSETCATALOG_COMPILER_GLOBAL_ACCENT_COLOR_NAME = AccentColor;
				CODE_SIGN_STYLE = Automatic;
				CURRENT_PROJECT_VERSION = 1;
				DEVELOPMENT_ASSET_PATHS = "\"Field Survey/Preview Content\"";
				ENABLE_PREVIEWS = YES;
				GENERATE_INFOPLIST_FILE = YES;
				INFOPLIST_KEY_UIApplicationSceneManifest_Generation = YES;
				INFOPLIST_KEY_UIApplicationSupportsIndirectInputEvents = YES;
				INFOPLIST_KEY_UILaunchScreen_Generation = YES;
				INFOPLIST_KEY_UISupportedInterfaceOrientations_iPad = "UIInterfaceOrientationPortrait UIInterfaceOrientationPortraitUpsideDown UIInterfaceOrientationLandscapeLeft UIInterfaceOrientationLandscapeRight";
				INFOPLIST_KEY_UISupportedInterfaceOrientations_iPhone = "UIInterfaceOrientationPortrait UIInterfaceOrientationLandscapeLeft UIInterfaceOrientationLandscapeRight";
				LD_RUNPATH_SEARCH_PATHS = (
					"$(inherited)",
					"@executable_path/Frameworks",
				);
				MARKETING_VERSION = 1.0;
				PRODUCT_BUNDLE_IDENTIFIER = "edu.missouri.Field-Survey";
				PRODUCT_NAME = "$(TARGET_NAME)";
				SWIFT_EMIT_LOC_STRINGS = YES;
				SWIFT_VERSION = 5.0;
				TARGETED_DEVICE_FAMILY = "1,2";
			};
			name = Release;
		};
		826B3BCA2990701000D00B1F /* Debug */ = {
			isa = XCBuildConfiguration;
			buildSettings = {
				ALWAYS_EMBED_SWIFT_STANDARD_LIBRARIES = YES;
				BUNDLE_LOADER = "$(TEST_HOST)";
				CODE_SIGN_STYLE = Automatic;
				CURRENT_PROJECT_VERSION = 1;
				GENERATE_INFOPLIST_FILE = YES;
				IPHONEOS_DEPLOYMENT_TARGET = 16.2;
				MARKETING_VERSION = 1.0;
				PRODUCT_BUNDLE_IDENTIFIER = "edu.missouri.Field-SurveyTests";
				PRODUCT_NAME = "$(TARGET_NAME)";
				SWIFT_EMIT_LOC_STRINGS = NO;
				SWIFT_VERSION = 5.0;
				TARGETED_DEVICE_FAMILY = "1,2";
				TEST_HOST = "$(BUILT_PRODUCTS_DIR)/Field Survey.app/$(BUNDLE_EXECUTABLE_FOLDER_PATH)/Field Survey";
			};
			name = Debug;
		};
		826B3BCB2990701000D00B1F /* Release */ = {
			isa = XCBuildConfiguration;
			buildSettings = {
				ALWAYS_EMBED_SWIFT_STANDARD_LIBRARIES = YES;
				BUNDLE_LOADER = "$(TEST_HOST)";
				CODE_SIGN_STYLE = Automatic;
				CURRENT_PROJECT_VERSION = 1;
				GENERATE_INFOPLIST_FILE = YES;
				IPHONEOS_DEPLOYMENT_TARGET = 16.2;
				MARKETING_VERSION = 1.0;
				PRODUCT_BUNDLE_IDENTIFIER = "edu.missouri.Field-SurveyTests";
				PRODUCT_NAME = "$(TARGET_NAME)";
				SWIFT_EMIT_LOC_STRINGS = NO;
				SWIFT_VERSION = 5.0;
				TARGETED_DEVICE_FAMILY = "1,2";
				TEST_HOST = "$(BUILT_PRODUCTS_DIR)/Field Survey.app/$(BUNDLE_EXECUTABLE_FOLDER_PATH)/Field Survey";
			};
			name = Release;
		};
		826B3BCD2990701000D00B1F /* Debug */ = {
			isa = XCBuildConfiguration;
			buildSettings = {
				ALWAYS_EMBED_SWIFT_STANDARD_LIBRARIES = YES;
				CODE_SIGN_STYLE = Automatic;
				CURRENT_PROJECT_VERSION = 1;
				GENERATE_INFOPLIST_FILE = YES;
				MARKETING_VERSION = 1.0;
				PRODUCT_BUNDLE_IDENTIFIER = "edu.missouri.Field-SurveyUITests";
				PRODUCT_NAME = "$(TARGET_NAME)";
				SWIFT_EMIT_LOC_STRINGS = NO;
				SWIFT_VERSION = 5.0;
				TARGETED_DEVICE_FAMILY = "1,2";
				TEST_TARGET_NAME = "Field Survey";
			};
			name = Debug;
		};
		826B3BCE2990701000D00B1F /* Release */ = {
			isa = XCBuildConfiguration;
			buildSettings = {
				ALWAYS_EMBED_SWIFT_STANDARD_LIBRARIES = YES;
				CODE_SIGN_STYLE = Automatic;
				CURRENT_PROJECT_VERSION = 1;
				GENERATE_INFOPLIST_FILE = YES;
				MARKETING_VERSION = 1.0;
				PRODUCT_BUNDLE_IDENTIFIER = "edu.missouri.Field-SurveyUITests";
				PRODUCT_NAME = "$(TARGET_NAME)";
				SWIFT_EMIT_LOC_STRINGS = NO;
				SWIFT_VERSION = 5.0;
				TARGETED_DEVICE_FAMILY = "1,2";
				TEST_TARGET_NAME = "Field Survey";
			};
			name = Release;
		};
/* End XCBuildConfiguration section */

/* Begin XCConfigurationList section */
		826B3B9D2990700800D00B1F /* Build configuration list for PBXProject "Field Survey" */ = {
			isa = XCConfigurationList;
			buildConfigurations = (
				826B3BC42990701000D00B1F /* Debug */,
				826B3BC52990701000D00B1F /* Release */,
			);
			defaultConfigurationIsVisible = 0;
			defaultConfigurationName = Release;
		};
		826B3BC62990701000D00B1F /* Build configuration list for PBXNativeTarget "Field Survey" */ = {
			isa = XCConfigurationList;
			buildConfigurations = (
				826B3BC72990701000D00B1F /* Debug */,
				826B3BC82990701000D00B1F /* Release */,
			);
			defaultConfigurationIsVisible = 0;
			defaultConfigurationName = Release;
		};
		826B3BC92990701000D00B1F /* Build configuration list for PBXNativeTarget "Field SurveyTests" */ = {
			isa = XCConfigurationList;
			buildConfigurations = (
				826B3BCA2990701000D00B1F /* Debug */,
				826B3BCB2990701000D00B1F /* Release */,
			);
			defaultConfigurationIsVisible = 0;
			defaultConfigurationName = Release;
		};
		826B3BCC2990701000D00B1F /* Build configuration list for PBXNativeTarget "Field SurveyUITests" */ = {
			isa = XCConfigurationList;
			buildConfigurations = (
				826B3BCD2990701000D00B1F /* Debug */,
				826B3BCE2990701000D00B1F /* Release */,
			);
			defaultConfigurationIsVisible = 0;
			defaultConfigurationName = Release;
		};
/* End XCConfigurationList section */
	};
	rootObject = 826B3B9A2990700800D00B1F /* Project object */;
}
