// !$*UTF8*$!
{
	archiveVersion = 1;
	classes = {
	};
	objectVersion = 56;
	objects = {

/* Begin PBXBuildFile section */
		826B3C122990851A00D00B1F /* Sports_Event_ContentApp.swift in Sources */ = {isa = PBXBuildFile; fileRef = 826B3C112990851A00D00B1F /* Sports_Event_ContentApp.swift */; };
		826B3C142990851A00D00B1F /* ContentView.swift in Sources */ = {isa = PBXBuildFile; fileRef = 826B3C132990851A00D00B1F /* ContentView.swift */; };
		826B3C162990852400D00B1F /* Assets.xcassets in Resources */ = {isa = PBXBuildFile; fileRef = 826B3C152990852400D00B1F /* Assets.xcassets */; };
		826B3C192990852400D00B1F /* Preview Assets.xcassets in Resources */ = {isa = PBXBuildFile; fileRef = 826B3C182990852400D00B1F /* Preview Assets.xcassets */; };
		826B3C232990852400D00B1F /* Sports_Event_ContentTests.swift in Sources */ = {isa = PBXBuildFile; fileRef = 826B3C222990852400D00B1F /* Sports_Event_ContentTests.swift */; };
		826B3C2D2990852400D00B1F /* Sports_Event_ContentUITests.swift in Sources */ = {isa = PBXBuildFile; fileRef = 826B3C2C2990852400D00B1F /* Sports_Event_ContentUITests.swift */; };
		826B3C2F2990852400D00B1F /* Sports_Event_ContentUITestsLaunchTests.swift in Sources */ = {isa = PBXBuildFile; fileRef = 826B3C2E2990852400D00B1F /* Sports_Event_ContentUITestsLaunchTests.swift */; };
/* End PBXBuildFile section */

/* Begin PBXContainerItemProxy section */
		826B3C1F2990852400D00B1F /* PBXContainerItemProxy */ = {
			isa = PBXContainerItemProxy;
			containerPortal = 826B3C062990851A00D00B1F /* Project object */;
			proxyType = 1;
			remoteGlobalIDString = 826B3C0D2990851A00D00B1F;
			remoteInfo = "Sports Event Content";
		};
		826B3C292990852400D00B1F /* PBXContainerItemProxy */ = {
			isa = PBXContainerItemProxy;
			containerPortal = 826B3C062990851A00D00B1F /* Project object */;
			proxyType = 1;
			remoteGlobalIDString = 826B3C0D2990851A00D00B1F;
			remoteInfo = "Sports Event Content";
		};
/* End PBXContainerItemProxy section */

/* Begin PBXFileReference section */
		826B3C0E2990851A00D00B1F /* Sports Event Content.app */ = {isa = PBXFileReference; explicitFileType = wrapper.application; includeInIndex = 0; path = "Sports Event Content.app"; sourceTree = BUILT_PRODUCTS_DIR; };
		826B3C112990851A00D00B1F /* Sports_Event_ContentApp.swift */ = {isa = PBXFileReference; lastKnownFileType = sourcecode.swift; path = Sports_Event_ContentApp.swift; sourceTree = "<group>"; };
		826B3C132990851A00D00B1F /* ContentView.swift */ = {isa = PBXFileReference; lastKnownFileType = sourcecode.swift; path = ContentView.swift; sourceTree = "<group>"; };
		826B3C152990852400D00B1F /* Assets.xcassets */ = {isa = PBXFileReference; lastKnownFileType = folder.assetcatalog; path = Assets.xcassets; sourceTree = "<group>"; };
		826B3C182990852400D00B1F /* Preview Assets.xcassets */ = {isa = PBXFileReference; lastKnownFileType = folder.assetcatalog; path = "Preview Assets.xcassets"; sourceTree = "<group>"; };
		826B3C1E2990852400D00B1F /* Sports Event ContentTests.xctest */ = {isa = PBXFileReference; explicitFileType = wrapper.cfbundle; includeInIndex = 0; path = "Sports Event ContentTests.xctest"; sourceTree = BUILT_PRODUCTS_DIR; };
		826B3C222990852400D00B1F /* Sports_Event_ContentTests.swift */ = {isa = PBXFileReference; lastKnownFileType = sourcecode.swift; path = Sports_Event_ContentTests.swift; sourceTree = "<group>"; };
		826B3C282990852400D00B1F /* Sports Event ContentUITests.xctest */ = {isa = PBXFileReference; explicitFileType = wrapper.cfbundle; includeInIndex = 0; path = "Sports Event ContentUITests.xctest"; sourceTree = BUILT_PRODUCTS_DIR; };
		826B3C2C2990852400D00B1F /* Sports_Event_ContentUITests.swift */ = {isa = PBXFileReference; lastKnownFileType = sourcecode.swift; path = Sports_Event_ContentUITests.swift; sourceTree = "<group>"; };
		826B3C2E2990852400D00B1F /* Sports_Event_ContentUITestsLaunchTests.swift */ = {isa = PBXFileReference; lastKnownFileType = sourcecode.swift; path = Sports_Event_ContentUITestsLaunchTests.swift; sourceTree = "<group>"; };
/* End PBXFileReference section */

/* Begin PBXFrameworksBuildPhase section */
		826B3C0B2990851A00D00B1F /* Frameworks */ = {
			isa = PBXFrameworksBuildPhase;
			buildActionMask = 2147483647;
			files = (
			);
			runOnlyForDeploymentPostprocessing = 0;
		};
		826B3C1B2990852400D00B1F /* Frameworks */ = {
			isa = PBXFrameworksBuildPhase;
			buildActionMask = 2147483647;
			files = (
			);
			runOnlyForDeploymentPostprocessing = 0;
		};
		826B3C252990852400D00B1F /* Frameworks */ = {
			isa = PBXFrameworksBuildPhase;
			buildActionMask = 2147483647;
			files = (
			);
			runOnlyForDeploymentPostprocessing = 0;
		};
/* End PBXFrameworksBuildPhase section */

/* Begin PBXGroup section */
		826B3C052990851A00D00B1F = {
			isa = PBXGroup;
			children = (
				826B3C102990851A00D00B1F /* Sports Event Content */,
				826B3C212990852400D00B1F /* Sports Event ContentTests */,
				826B3C2B2990852400D00B1F /* Sports Event ContentUITests */,
				826B3C0F2990851A00D00B1F /* Products */,
			);
			sourceTree = "<group>";
		};
		826B3C0F2990851A00D00B1F /* Products */ = {
			isa = PBXGroup;
			children = (
				826B3C0E2990851A00D00B1F /* Sports Event Content.app */,
				826B3C1E2990852400D00B1F /* Sports Event ContentTests.xctest */,
				826B3C282990852400D00B1F /* Sports Event ContentUITests.xctest */,
			);
			name = Products;
			sourceTree = "<group>";
		};
		826B3C102990851A00D00B1F /* Sports Event Content */ = {
			isa = PBXGroup;
			children = (
				826B3C112990851A00D00B1F /* Sports_Event_ContentApp.swift */,
				826B3C132990851A00D00B1F /* ContentView.swift */,
				826B3C152990852400D00B1F /* Assets.xcassets */,
				826B3C172990852400D00B1F /* Preview Content */,
			);
			path = "Sports Event Content";
			sourceTree = "<group>";
		};
		826B3C172990852400D00B1F /* Preview Content */ = {
			isa = PBXGroup;
			children = (
				826B3C182990852400D00B1F /* Preview Assets.xcassets */,
			);
			path = "Preview Content";
			sourceTree = "<group>";
		};
		826B3C212990852400D00B1F /* Sports Event ContentTests */ = {
			isa = PBXGroup;
			children = (
				826B3C222990852400D00B1F /* Sports_Event_ContentTests.swift */,
			);
			path = "Sports Event ContentTests";
			sourceTree = "<group>";
		};
		826B3C2B2990852400D00B1F /* Sports Event ContentUITests */ = {
			isa = PBXGroup;
			children = (
				826B3C2C2990852400D00B1F /* Sports_Event_ContentUITests.swift */,
				826B3C2E2990852400D00B1F /* Sports_Event_ContentUITestsLaunchTests.swift */,
			);
			path = "Sports Event ContentUITests";
			sourceTree = "<group>";
		};
/* End PBXGroup section */

/* Begin PBXNativeTarget section */
		826B3C0D2990851A00D00B1F /* Sports Event Content */ = {
			isa = PBXNativeTarget;
			buildConfigurationList = 826B3C322990852400D00B1F /* Build configuration list for PBXNativeTarget "Sports Event Content" */;
			buildPhases = (
				826B3C0A2990851A00D00B1F /* Sources */,
				826B3C0B2990851A00D00B1F /* Frameworks */,
				826B3C0C2990851A00D00B1F /* Resources */,
			);
			buildRules = (
			);
			dependencies = (
			);
			name = "Sports Event Content";
			productName = "Sports Event Content";
			productReference = 826B3C0E2990851A00D00B1F /* Sports Event Content.app */;
			productType = "com.apple.product-type.application";
		};
		826B3C1D2990852400D00B1F /* Sports Event ContentTests */ = {
			isa = PBXNativeTarget;
			buildConfigurationList = 826B3C352990852400D00B1F /* Build configuration list for PBXNativeTarget "Sports Event ContentTests" */;
			buildPhases = (
				826B3C1A2990852400D00B1F /* Sources */,
				826B3C1B2990852400D00B1F /* Frameworks */,
				826B3C1C2990852400D00B1F /* Resources */,
			);
			buildRules = (
			);
			dependencies = (
				826B3C202990852400D00B1F /* PBXTargetDependency */,
			);
			name = "Sports Event ContentTests";
			productName = "Sports Event ContentTests";
			productReference = 826B3C1E2990852400D00B1F /* Sports Event ContentTests.xctest */;
			productType = "com.apple.product-type.bundle.unit-test";
		};
		826B3C272990852400D00B1F /* Sports Event ContentUITests */ = {
			isa = PBXNativeTarget;
			buildConfigurationList = 826B3C382990852400D00B1F /* Build configuration list for PBXNativeTarget "Sports Event ContentUITests" */;
			buildPhases = (
				826B3C242990852400D00B1F /* Sources */,
				826B3C252990852400D00B1F /* Frameworks */,
				826B3C262990852400D00B1F /* Resources */,
			);
			buildRules = (
			);
			dependencies = (
				826B3C2A2990852400D00B1F /* PBXTargetDependency */,
			);
			name = "Sports Event ContentUITests";
			productName = "Sports Event ContentUITests";
			productReference = 826B3C282990852400D00B1F /* Sports Event ContentUITests.xctest */;
			productType = "com.apple.product-type.bundle.ui-testing";
		};
/* End PBXNativeTarget section */

/* Begin PBXProject section */
		826B3C062990851A00D00B1F /* Project object */ = {
			isa = PBXProject;
			attributes = {
				BuildIndependentTargetsInParallel = 1;
				LastSwiftUpdateCheck = 1420;
				LastUpgradeCheck = 1420;
				TargetAttributes = {
					826B3C0D2990851A00D00B1F = {
						CreatedOnToolsVersion = 14.2;
					};
					826B3C1D2990852400D00B1F = {
						CreatedOnToolsVersion = 14.2;
						TestTargetID = 826B3C0D2990851A00D00B1F;
					};
					826B3C272990852400D00B1F = {
						CreatedOnToolsVersion = 14.2;
						TestTargetID = 826B3C0D2990851A00D00B1F;
					};
				};
			};
			buildConfigurationList = 826B3C092990851A00D00B1F /* Build configuration list for PBXProject "Sports Event Content" */;
			compatibilityVersion = "Xcode 14.0";
			developmentRegion = en;
			hasScannedForEncodings = 0;
			knownRegions = (
				en,
				Base,
			);
			mainGroup = 826B3C052990851A00D00B1F;
			productRefGroup = 826B3C0F2990851A00D00B1F /* Products */;
			projectDirPath = "";
			projectRoot = "";
			targets = (
				826B3C0D2990851A00D00B1F /* Sports Event Content */,
				826B3C1D2990852400D00B1F /* Sports Event ContentTests */,
				826B3C272990852400D00B1F /* Sports Event ContentUITests */,
			);
		};
/* End PBXProject section */

/* Begin PBXResourcesBuildPhase section */
		826B3C0C2990851A00D00B1F /* Resources */ = {
			isa = PBXResourcesBuildPhase;
			buildActionMask = 2147483647;
			files = (
				826B3C192990852400D00B1F /* Preview Assets.xcassets in Resources */,
				826B3C162990852400D00B1F /* Assets.xcassets in Resources */,
			);
			runOnlyForDeploymentPostprocessing = 0;
		};
		826B3C1C2990852400D00B1F /* Resources */ = {
			isa = PBXResourcesBuildPhase;
			buildActionMask = 2147483647;
			files = (
			);
			runOnlyForDeploymentPostprocessing = 0;
		};
		826B3C262990852400D00B1F /* Resources */ = {
			isa = PBXResourcesBuildPhase;
			buildActionMask = 2147483647;
			files = (
			);
			runOnlyForDeploymentPostprocessing = 0;
		};
/* End PBXResourcesBuildPhase section */

/* Begin PBXSourcesBuildPhase section */
		826B3C0A2990851A00D00B1F /* Sources */ = {
			isa = PBXSourcesBuildPhase;
			buildActionMask = 2147483647;
			files = (
				826B3C142990851A00D00B1F /* ContentView.swift in Sources */,
				826B3C122990851A00D00B1F /* Sports_Event_ContentApp.swift in Sources */,
			);
			runOnlyForDeploymentPostprocessing = 0;
		};
		826B3C1A2990852400D00B1F /* Sources */ = {
			isa = PBXSourcesBuildPhase;
			buildActionMask = 2147483647;
			files = (
				826B3C232990852400D00B1F /* Sports_Event_ContentTests.swift in Sources */,
			);
			runOnlyForDeploymentPostprocessing = 0;
		};
		826B3C242990852400D00B1F /* Sources */ = {
			isa = PBXSourcesBuildPhase;
			buildActionMask = 2147483647;
			files = (
				826B3C2F2990852400D00B1F /* Sports_Event_ContentUITestsLaunchTests.swift in Sources */,
				826B3C2D2990852400D00B1F /* Sports_Event_ContentUITests.swift in Sources */,
			);
			runOnlyForDeploymentPostprocessing = 0;
		};
/* End PBXSourcesBuildPhase section */

/* Begin PBXTargetDependency section */
		826B3C202990852400D00B1F /* PBXTargetDependency */ = {
			isa = PBXTargetDependency;
			target = 826B3C0D2990851A00D00B1F /* Sports Event Content */;
			targetProxy = 826B3C1F2990852400D00B1F /* PBXContainerItemProxy */;
		};
		826B3C2A2990852400D00B1F /* PBXTargetDependency */ = {
			isa = PBXTargetDependency;
			target = 826B3C0D2990851A00D00B1F /* Sports Event Content */;
			targetProxy = 826B3C292990852400D00B1F /* PBXContainerItemProxy */;
		};
/* End PBXTargetDependency section */

/* Begin XCBuildConfiguration section */
		826B3C302990852400D00B1F /* Debug */ = {
			isa = XCBuildConfiguration;
			buildSettings = {
				ALWAYS_SEARCH_USER_PATHS = NO;
				CLANG_ANALYZER_NONNULL = YES;
				CLANG_ANALYZER_NUMBER_OBJECT_CONVERSION = YES_AGGRESSIVE;
				CLANG_CXX_LANGUAGE_STANDARD = "gnu++20";
				CLANG_ENABLE_MODULES = YES;
				CLANG_ENABLE_OBJC_ARC = YES;
				CLANG_ENABLE_OBJC_WEAK = YES;
				CLANG_WARN_BLOCK_CAPTURE_AUTORELEASING = YES;
				CLANG_WARN_BOOL_CONVERSION = YES;
				CLANG_WARN_COMMA = YES;
				CLANG_WARN_CONSTANT_CONVERSION = YES;
				CLANG_WARN_DEPRECATED_OBJC_IMPLEMENTATIONS = YES;
				CLANG_WARN_DIRECT_OBJC_ISA_USAGE = YES_ERROR;
				CLANG_WARN_DOCUMENTATION_COMMENTS = YES;
				CLANG_WARN_EMPTY_BODY = YES;
				CLANG_WARN_ENUM_CONVERSION = YES;
				CLANG_WARN_INFINITE_RECURSION = YES;
				CLANG_WARN_INT_CONVERSION = YES;
				CLANG_WARN_NON_LITERAL_NULL_CONVERSION = YES;
				CLANG_WARN_OBJC_IMPLICIT_RETAIN_SELF = YES;
				CLANG_WARN_OBJC_LITERAL_CONVERSION = YES;
				CLANG_WARN_OBJC_ROOT_CLASS = YES_ERROR;
				CLANG_WARN_QUOTED_INCLUDE_IN_FRAMEWORK_HEADER = YES;
				CLANG_WARN_RANGE_LOOP_ANALYSIS = YES;
				CLANG_WARN_STRICT_PROTOTYPES = YES;
				CLANG_WARN_SUSPICIOUS_MOVE = YES;
				CLANG_WARN_UNGUARDED_AVAILABILITY = YES_AGGRESSIVE;
				CLANG_WARN_UNREACHABLE_CODE = YES;
				CLANG_WARN__DUPLICATE_METHOD_MATCH = YES;
				COPY_PHASE_STRIP = NO;
				DEBUG_INFORMATION_FORMAT = dwarf;
				ENABLE_STRICT_OBJC_MSGSEND = YES;
				ENABLE_TESTABILITY = YES;
				GCC_C_LANGUAGE_STANDARD = gnu11;
				GCC_DYNAMIC_NO_PIC = NO;
				GCC_NO_COMMON_BLOCKS = YES;
				GCC_OPTIMIZATION_LEVEL = 0;
				GCC_PREPROCESSOR_DEFINITIONS = (
					"DEBUG=1",
					"$(inherited)",
				);
				GCC_WARN_64_TO_32_BIT_CONVERSION = YES;
				GCC_WARN_ABOUT_RETURN_TYPE = YES_ERROR;
				GCC_WARN_UNDECLARED_SELECTOR = YES;
				GCC_WARN_UNINITIALIZED_AUTOS = YES_AGGRESSIVE;
				GCC_WARN_UNUSED_FUNCTION = YES;
				GCC_WARN_UNUSED_VARIABLE = YES;
				IPHONEOS_DEPLOYMENT_TARGET = 16.2;
				MTL_ENABLE_DEBUG_INFO = INCLUDE_SOURCE;
				MTL_FAST_MATH = YES;
				ONLY_ACTIVE_ARCH = YES;
				SDKROOT = iphoneos;
				SWIFT_ACTIVE_COMPILATION_CONDITIONS = DEBUG;
				SWIFT_OPTIMIZATION_LEVEL = "-Onone";
			};
			name = Debug;
		};
		826B3C312990852400D00B1F /* Release */ = {
			isa = XCBuildConfiguration;
			buildSettings = {
				ALWAYS_SEARCH_USER_PATHS = NO;
				CLANG_ANALYZER_NONNULL = YES;
				CLANG_ANALYZER_NUMBER_OBJECT_CONVERSION = YES_AGGRESSIVE;
				CLANG_CXX_LANGUAGE_STANDARD = "gnu++20";
				CLANG_ENABLE_MODULES = YES;
				CLANG_ENABLE_OBJC_ARC = YES;
				CLANG_ENABLE_OBJC_WEAK = YES;
				CLANG_WARN_BLOCK_CAPTURE_AUTORELEASING = YES;
				CLANG_WARN_BOOL_CONVERSION = YES;
				CLANG_WARN_COMMA = YES;
				CLANG_WARN_CONSTANT_CONVERSION = YES;
				CLANG_WARN_DEPRECATED_OBJC_IMPLEMENTATIONS = YES;
				CLANG_WARN_DIRECT_OBJC_ISA_USAGE = YES_ERROR;
				CLANG_WARN_DOCUMENTATION_COMMENTS = YES;
				CLANG_WARN_EMPTY_BODY = YES;
				CLANG_WARN_ENUM_CONVERSION = YES;
				CLANG_WARN_INFINITE_RECURSION = YES;
				CLANG_WARN_INT_CONVERSION = YES;
				CLANG_WARN_NON_LITERAL_NULL_CONVERSION = YES;
				CLANG_WARN_OBJC_IMPLICIT_RETAIN_SELF = YES;
				CLANG_WARN_OBJC_LITERAL_CONVERSION = YES;
				CLANG_WARN_OBJC_ROOT_CLASS = YES_ERROR;
				CLANG_WARN_QUOTED_INCLUDE_IN_FRAMEWORK_HEADER = YES;
				CLANG_WARN_RANGE_LOOP_ANALYSIS = YES;
				CLANG_WARN_STRICT_PROTOTYPES = YES;
				CLANG_WARN_SUSPICIOUS_MOVE = YES;
				CLANG_WARN_UNGUARDED_AVAILABILITY = YES_AGGRESSIVE;
				CLANG_WARN_UNREACHABLE_CODE = YES;
				CLANG_WARN__DUPLICATE_METHOD_MATCH = YES;
				COPY_PHASE_STRIP = NO;
				DEBUG_INFORMATION_FORMAT = "dwarf-with-dsym";
				ENABLE_NS_ASSERTIONS = NO;
				ENABLE_STRICT_OBJC_MSGSEND = YES;
				GCC_C_LANGUAGE_STANDARD = gnu11;
				GCC_NO_COMMON_BLOCKS = YES;
				GCC_WARN_64_TO_32_BIT_CONVERSION = YES;
				GCC_WARN_ABOUT_RETURN_TYPE = YES_ERROR;
				GCC_WARN_UNDECLARED_SELECTOR = YES;
				GCC_WARN_UNINITIALIZED_AUTOS = YES_AGGRESSIVE;
				GCC_WARN_UNUSED_FUNCTION = YES;
				GCC_WARN_UNUSED_VARIABLE = YES;
				IPHONEOS_DEPLOYMENT_TARGET = 16.2;
				MTL_ENABLE_DEBUG_INFO = NO;
				MTL_FAST_MATH = YES;
				SDKROOT = iphoneos;
				SWIFT_COMPILATION_MODE = wholemodule;
				SWIFT_OPTIMIZATION_LEVEL = "-O";
				VALIDATE_PRODUCT = YES;
			};
			name = Release;
		};
		826B3C332990852400D00B1F /* Debug */ = {
			isa = XCBuildConfiguration;
			buildSettings = {
				ASSETCATALOG_COMPILER_APPICON_NAME = AppIcon;
				ASSETCATALOG_COMPILER_GLOBAL_ACCENT_COLOR_NAME = AccentColor;
				CODE_SIGN_STYLE = Automatic;
				CURRENT_PROJECT_VERSION = 1;
				DEVELOPMENT_ASSET_PATHS = "\"Sports Event Content/Preview Content\"";
				ENABLE_PREVIEWS = YES;
				GENERATE_INFOPLIST_FILE = YES;
				INFOPLIST_KEY_UIApplicationSceneManifest_Generation = YES;
				INFOPLIST_KEY_UIApplicationSupportsIndirectInputEvents = YES;
				INFOPLIST_KEY_UILaunchScreen_Generation = YES;
				INFOPLIST_KEY_UISupportedInterfaceOrientations_iPad = "UIInterfaceOrientationPortrait UIInterfaceOrientationPortraitUpsideDown UIInterfaceOrientationLandscapeLeft UIInterfaceOrientationLandscapeRight";
				INFOPLIST_KEY_UISupportedInterfaceOrientations_iPhone = "UIInterfaceOrientationPortrait UIInterfaceOrientationLandscapeLeft UIInterfaceOrientationLandscapeRight";
				LD_RUNPATH_SEARCH_PATHS = (
					"$(inherited)",
					"@executable_path/Frameworks",
				);
				MARKETING_VERSION = 1.0;
				PRODUCT_BUNDLE_IDENTIFIER = "edu.missouri.Sports-Event-Content";
				PRODUCT_NAME = "$(TARGET_NAME)";
				SWIFT_EMIT_LOC_STRINGS = YES;
				SWIFT_VERSION = 5.0;
				TARGETED_DEVICE_FAMILY = "1,2";
			};
			name = Debug;
		};
		826B3C342990852400D00B1F /* Release */ = {
			isa = XCBuildConfiguration;
			buildSettings = {
				ASSETCATALOG_COMPILER_APPICON_NAME = AppIcon;
				ASSETCATALOG_COMPILER_GLOBAL_ACCENT_COLOR_NAME = AccentColor;
				CODE_SIGN_STYLE = Automatic;
				CURRENT_PROJECT_VERSION = 1;
				DEVELOPMENT_ASSET_PATHS = "\"Sports Event Content/Preview Content\"";
				ENABLE_PREVIEWS = YES;
				GENERATE_INFOPLIST_FILE = YES;
				INFOPLIST_KEY_UIApplicationSceneManifest_Generation = YES;
				INFOPLIST_KEY_UIApplicationSupportsIndirectInputEvents = YES;
				INFOPLIST_KEY_UILaunchScreen_Generation = YES;
				INFOPLIST_KEY_UISupportedInterfaceOrientations_iPad = "UIInterfaceOrientationPortrait UIInterfaceOrientationPortraitUpsideDown UIInterfaceOrientationLandscapeLeft UIInterfaceOrientationLandscapeRight";
				INFOPLIST_KEY_UISupportedInterfaceOrientations_iPhone = "UIInterfaceOrientationPortrait UIInterfaceOrientationLandscapeLeft UIInterfaceOrientationLandscapeRight";
				LD_RUNPATH_SEARCH_PATHS = (
					"$(inherited)",
					"@executable_path/Frameworks",
				);
				MARKETING_VERSION = 1.0;
				PRODUCT_BUNDLE_IDENTIFIER = "edu.missouri.Sports-Event-Content";
				PRODUCT_NAME = "$(TARGET_NAME)";
				SWIFT_EMIT_LOC_STRINGS = YES;
				SWIFT_VERSION = 5.0;
				TARGETED_DEVICE_FAMILY = "1,2";
			};
			name = Release;
		};
		826B3C362990852400D00B1F /* Debug */ = {
			isa = XCBuildConfiguration;
			buildSettings = {
				ALWAYS_EMBED_SWIFT_STANDARD_LIBRARIES = YES;
				BUNDLE_LOADER = "$(TEST_HOST)";
				CODE_SIGN_STYLE = Automatic;
				CURRENT_PROJECT_VERSION = 1;
				GENERATE_INFOPLIST_FILE = YES;
				IPHONEOS_DEPLOYMENT_TARGET = 16.2;
				MARKETING_VERSION = 1.0;
				PRODUCT_BUNDLE_IDENTIFIER = "edu.missouri.Sports-Event-ContentTests";
				PRODUCT_NAME = "$(TARGET_NAME)";
				SWIFT_EMIT_LOC_STRINGS = NO;
				SWIFT_VERSION = 5.0;
				TARGETED_DEVICE_FAMILY = "1,2";
				TEST_HOST = "$(BUILT_PRODUCTS_DIR)/Sports Event Content.app/$(BUNDLE_EXECUTABLE_FOLDER_PATH)/Sports Event Content";
			};
			name = Debug;
		};
		826B3C372990852400D00B1F /* Release */ = {
			isa = XCBuildConfiguration;
			buildSettings = {
				ALWAYS_EMBED_SWIFT_STANDARD_LIBRARIES = YES;
				BUNDLE_LOADER = "$(TEST_HOST)";
				CODE_SIGN_STYLE = Automatic;
				CURRENT_PROJECT_VERSION = 1;
				GENERATE_INFOPLIST_FILE = YES;
				IPHONEOS_DEPLOYMENT_TARGET = 16.2;
				MARKETING_VERSION = 1.0;
				PRODUCT_BUNDLE_IDENTIFIER = "edu.missouri.Sports-Event-ContentTests";
				PRODUCT_NAME = "$(TARGET_NAME)";
				SWIFT_EMIT_LOC_STRINGS = NO;
				SWIFT_VERSION = 5.0;
				TARGETED_DEVICE_FAMILY = "1,2";
				TEST_HOST = "$(BUILT_PRODUCTS_DIR)/Sports Event Content.app/$(BUNDLE_EXECUTABLE_FOLDER_PATH)/Sports Event Content";
			};
			name = Release;
		};
		826B3C392990852400D00B1F /* Debug */ = {
			isa = XCBuildConfiguration;
			buildSettings = {
				ALWAYS_EMBED_SWIFT_STANDARD_LIBRARIES = YES;
				CODE_SIGN_STYLE = Automatic;
				CURRENT_PROJECT_VERSION = 1;
				GENERATE_INFOPLIST_FILE = YES;
				MARKETING_VERSION = 1.0;
				PRODUCT_BUNDLE_IDENTIFIER = "edu.missouri.Sports-Event-ContentUITests";
				PRODUCT_NAME = "$(TARGET_NAME)";
				SWIFT_EMIT_LOC_STRINGS = NO;
				SWIFT_VERSION = 5.0;
				TARGETED_DEVICE_FAMILY = "1,2";
				TEST_TARGET_NAME = "Sports Event Content";
			};
			name = Debug;
		};
		826B3C3A2990852400D00B1F /* Release */ = {
			isa = XCBuildConfiguration;
			buildSettings = {
				ALWAYS_EMBED_SWIFT_STANDARD_LIBRARIES = YES;
				CODE_SIGN_STYLE = Automatic;
				CURRENT_PROJECT_VERSION = 1;
				GENERATE_INFOPLIST_FILE = YES;
				MARKETING_VERSION = 1.0;
				PRODUCT_BUNDLE_IDENTIFIER = "edu.missouri.Sports-Event-ContentUITests";
				PRODUCT_NAME = "$(TARGET_NAME)";
				SWIFT_EMIT_LOC_STRINGS = NO;
				SWIFT_VERSION = 5.0;
				TARGETED_DEVICE_FAMILY = "1,2";
				TEST_TARGET_NAME = "Sports Event Content";
			};
			name = Release;
		};
/* End XCBuildConfiguration section */

/* Begin XCConfigurationList section */
		826B3C092990851A00D00B1F /* Build configuration list for PBXProject "Sports Event Content" */ = {
			isa = XCConfigurationList;
			buildConfigurations = (
				826B3C302990852400D00B1F /* Debug */,
				826B3C312990852400D00B1F /* Release */,
			);
			defaultConfigurationIsVisible = 0;
			defaultConfigurationName = Release;
		};
		826B3C322990852400D00B1F /* Build configuration list for PBXNativeTarget "Sports Event Content" */ = {
			isa = XCConfigurationList;
			buildConfigurations = (
				826B3C332990852400D00B1F /* Debug */,
				826B3C342990852400D00B1F /* Release */,
			);
			defaultConfigurationIsVisible = 0;
			defaultConfigurationName = Release;
		};
		826B3C352990852400D00B1F /* Build configuration list for PBXNativeTarget "Sports Event ContentTests" */ = {
			isa = XCConfigurationList;
			buildConfigurations = (
				826B3C362990852400D00B1F /* Debug */,
				826B3C372990852400D00B1F /* Release */,
			);
			defaultConfigurationIsVisible = 0;
			defaultConfigurationName = Release;
		};
		826B3C382990852400D00B1F /* Build configuration list for PBXNativeTarget "Sports Event ContentUITests" */ = {
			isa = XCConfigurationList;
			buildConfigurations = (
				826B3C392990852400D00B1F /* Debug */,
				826B3C3A2990852400D00B1F /* Release */,
			);
			defaultConfigurationIsVisible = 0;
			defaultConfigurationName = Release;
		};
/* End XCConfigurationList section */
	};
	rootObject = 826B3C062990851A00D00B1F /* Project object */;
}
