// !$*UTF8*$!
{
	archiveVersion = 1;
	classes = {
	};
	objectVersion = 56;
	objects = {

/* Begin PBXBuildFile section */
		826B3BDC299073E500D00B1F /* SportsEventListCellApp.swift in Sources */ = {isa = PBXBuildFile; fileRef = 826B3BDB299073E500D00B1F /* SportsEventListCellApp.swift */; };
		826B3BDE299073E500D00B1F /* ContentView.swift in Sources */ = {isa = PBXBuildFile; fileRef = 826B3BDD299073E500D00B1F /* ContentView.swift */; };
		826B3BE0299073EF00D00B1F /* Assets.xcassets in Resources */ = {isa = PBXBuildFile; fileRef = 826B3BDF299073EF00D00B1F /* Assets.xcassets */; };
		826B3BE3299073EF00D00B1F /* Preview Assets.xcassets in Resources */ = {isa = PBXBuildFile; fileRef = 826B3BE2299073EF00D00B1F /* Preview Assets.xcassets */; };
		826B3BED299073F000D00B1F /* SportsEventListCellTests.swift in Sources */ = {isa = PBXBuildFile; fileRef = 826B3BEC299073F000D00B1F /* SportsEventListCellTests.swift */; };
		826B3BF7299073F000D00B1F /* SportsEventListCellUITests.swift in Sources */ = {isa = PBXBuildFile; fileRef = 826B3BF6299073F000D00B1F /* SportsEventListCellUITests.swift */; };
		826B3BF9299073F000D00B1F /* SportsEventListCellUITestsLaunchTests.swift in Sources */ = {isa = PBXBuildFile; fileRef = 826B3BF8299073F000D00B1F /* SportsEventListCellUITestsLaunchTests.swift */; };
/* End PBXBuildFile section */

/* Begin PBXContainerItemProxy section */
		826B3BE9299073F000D00B1F /* PBXContainerItemProxy */ = {
			isa = PBXContainerItemProxy;
			containerPortal = 826B3BD0299073E500D00B1F /* Project object */;
			proxyType = 1;
			remoteGlobalIDString = 826B3BD7299073E500D00B1F;
			remoteInfo = SportsEventListCell;
		};
		826B3BF3299073F000D00B1F /* PBXContainerItemProxy */ = {
			isa = PBXContainerItemProxy;
			containerPortal = 826B3BD0299073E500D00B1F /* Project object */;
			proxyType = 1;
			remoteGlobalIDString = 826B3BD7299073E500D00B1F;
			remoteInfo = SportsEventListCell;
		};
/* End PBXContainerItemProxy section */

/* Begin PBXFileReference section */
		826B3BD8299073E500D00B1F /* SportsEventListCell.app */ = {isa = PBXFileReference; explicitFileType = wrapper.application; includeInIndex = 0; path = SportsEventListCell.app; sourceTree = BUILT_PRODUCTS_DIR; };
		826B3BDB299073E500D00B1F /* SportsEventListCellApp.swift */ = {isa = PBXFileReference; lastKnownFileType = sourcecode.swift; path = SportsEventListCellApp.swift; sourceTree = "<group>"; };
		826B3BDD299073E500D00B1F /* ContentView.swift */ = {isa = PBXFileReference; lastKnownFileType = sourcecode.swift; path = ContentView.swift; sourceTree = "<group>"; };
		826B3BDF299073EF00D00B1F /* Assets.xcassets */ = {isa = PBXFileReference; lastKnownFileType = folder.assetcatalog; path = Assets.xcassets; sourceTree = "<group>"; };
		826B3BE2299073EF00D00B1F /* Preview Assets.xcassets */ = {isa = PBXFileReference; lastKnownFileType = folder.assetcatalog; path = "Preview Assets.xcassets"; sourceTree = "<group>"; };
		826B3BE8299073F000D00B1F /* SportsEventListCellTests.xctest */ = {isa = PBXFileReference; explicitFileType = wrapper.cfbundle; includeInIndex = 0; path = SportsEventListCellTests.xctest; sourceTree = BUILT_PRODUCTS_DIR; };
		826B3BEC299073F000D00B1F /* SportsEventListCellTests.swift */ = {isa = PBXFileReference; lastKnownFileType = sourcecode.swift; path = SportsEventListCellTests.swift; sourceTree = "<group>"; };
		826B3BF2299073F000D00B1F /* SportsEventListCellUITests.xctest */ = {isa = PBXFileReference; explicitFileType = wrapper.cfbundle; includeInIndex = 0; path = SportsEventListCellUITests.xctest; sourceTree = BUILT_PRODUCTS_DIR; };
		826B3BF6299073F000D00B1F /* SportsEventListCellUITests.swift */ = {isa = PBXFileReference; lastKnownFileType = sourcecode.swift; path = SportsEventListCellUITests.swift; sourceTree = "<group>"; };
		826B3BF8299073F000D00B1F /* SportsEventListCellUITestsLaunchTests.swift */ = {isa = PBXFileReference; lastKnownFileType = sourcecode.swift; path = SportsEventListCellUITestsLaunchTests.swift; sourceTree = "<group>"; };
/* End PBXFileReference section */

/* Begin PBXFrameworksBuildPhase section */
		826B3BD5299073E500D00B1F /* Frameworks */ = {
			isa = PBXFrameworksBuildPhase;
			buildActionMask = 2147483647;
			files = (
			);
			runOnlyForDeploymentPostprocessing = 0;
		};
		826B3BE5299073F000D00B1F /* Frameworks */ = {
			isa = PBXFrameworksBuildPhase;
			buildActionMask = 2147483647;
			files = (
			);
			runOnlyForDeploymentPostprocessing = 0;
		};
		826B3BEF299073F000D00B1F /* Frameworks */ = {
			isa = PBXFrameworksBuildPhase;
			buildActionMask = 2147483647;
			files = (
			);
			runOnlyForDeploymentPostprocessing = 0;
		};
/* End PBXFrameworksBuildPhase section */

/* Begin PBXGroup section */
		826B3BCF299073E500D00B1F = {
			isa = PBXGroup;
			children = (
				826B3BDA299073E500D00B1F /* SportsEventListCell */,
				826B3BEB299073F000D00B1F /* SportsEventListCellTests */,
				826B3BF5299073F000D00B1F /* SportsEventListCellUITests */,
				826B3BD9299073E500D00B1F /* Products */,
			);
			sourceTree = "<group>";
		};
		826B3BD9299073E500D00B1F /* Products */ = {
			isa = PBXGroup;
			children = (
				826B3BD8299073E500D00B1F /* SportsEventListCell.app */,
				826B3BE8299073F000D00B1F /* SportsEventListCellTests.xctest */,
				826B3BF2299073F000D00B1F /* SportsEventListCellUITests.xctest */,
			);
			name = Products;
			sourceTree = "<group>";
		};
		826B3BDA299073E500D00B1F /* SportsEventListCell */ = {
			isa = PBXGroup;
			children = (
				826B3BDB299073E500D00B1F /* SportsEventListCellApp.swift */,
				826B3BDD299073E500D00B1F /* ContentView.swift */,
				826B3BDF299073EF00D00B1F /* Assets.xcassets */,
				826B3BE1299073EF00D00B1F /* Preview Content */,
			);
			path = SportsEventListCell;
			sourceTree = "<group>";
		};
		826B3BE1299073EF00D00B1F /* Preview Content */ = {
			isa = PBXGroup;
			children = (
				826B3BE2299073EF00D00B1F /* Preview Assets.xcassets */,
			);
			path = "Preview Content";
			sourceTree = "<group>";
		};
		826B3BEB299073F000D00B1F /* SportsEventListCellTests */ = {
			isa = PBXGroup;
			children = (
				826B3BEC299073F000D00B1F /* SportsEventListCellTests.swift */,
			);
			path = SportsEventListCellTests;
			sourceTree = "<group>";
		};
		826B3BF5299073F000D00B1F /* SportsEventListCellUITests */ = {
			isa = PBXGroup;
			children = (
				826B3BF6299073F000D00B1F /* SportsEventListCellUITests.swift */,
				826B3BF8299073F000D00B1F /* SportsEventListCellUITestsLaunchTests.swift */,
			);
			path = SportsEventListCellUITests;
			sourceTree = "<group>";
		};
/* End PBXGroup section */

/* Begin PBXNativeTarget section */
		826B3BD7299073E500D00B1F /* SportsEventListCell */ = {
			isa = PBXNativeTarget;
			buildConfigurationList = 826B3BFC299073F000D00B1F /* Build configuration list for PBXNativeTarget "SportsEventListCell" */;
			buildPhases = (
				826B3BD4299073E500D00B1F /* Sources */,
				826B3BD5299073E500D00B1F /* Frameworks */,
				826B3BD6299073E500D00B1F /* Resources */,
			);
			buildRules = (
			);
			dependencies = (
			);
			name = SportsEventListCell;
			productName = SportsEventListCell;
			productReference = 826B3BD8299073E500D00B1F /* SportsEventListCell.app */;
			productType = "com.apple.product-type.application";
		};
		826B3BE7299073F000D00B1F /* SportsEventListCellTests */ = {
			isa = PBXNativeTarget;
			buildConfigurationList = 826B3BFF299073F000D00B1F /* Build configuration list for PBXNativeTarget "SportsEventListCellTests" */;
			buildPhases = (
				826B3BE4299073F000D00B1F /* Sources */,
				826B3BE5299073F000D00B1F /* Frameworks */,
				826B3BE6299073F000D00B1F /* Resources */,
			);
			buildRules = (
			);
			dependencies = (
				826B3BEA299073F000D00B1F /* PBXTargetDependency */,
			);
			name = SportsEventListCellTests;
			productName = SportsEventListCellTests;
			productReference = 826B3BE8299073F000D00B1F /* SportsEventListCellTests.xctest */;
			productType = "com.apple.product-type.bundle.unit-test";
		};
		826B3BF1299073F000D00B1F /* SportsEventListCellUITests */ = {
			isa = PBXNativeTarget;
			buildConfigurationList = 826B3C02299073F000D00B1F /* Build configuration list for PBXNativeTarget "SportsEventListCellUITests" */;
			buildPhases = (
				826B3BEE299073F000D00B1F /* Sources */,
				826B3BEF299073F000D00B1F /* Frameworks */,
				826B3BF0299073F000D00B1F /* Resources */,
			);
			buildRules = (
			);
			dependencies = (
				826B3BF4299073F000D00B1F /* PBXTargetDependency */,
			);
			name = SportsEventListCellUITests;
			productName = SportsEventListCellUITests;
			productReference = 826B3BF2299073F000D00B1F /* SportsEventListCellUITests.xctest */;
			productType = "com.apple.product-type.bundle.ui-testing";
		};
/* End PBXNativeTarget section */

/* Begin PBXProject section */
		826B3BD0299073E500D00B1F /* Project object */ = {
			isa = PBXProject;
			attributes = {
				BuildIndependentTargetsInParallel = 1;
				LastSwiftUpdateCheck = 1420;
				LastUpgradeCheck = 1420;
				TargetAttributes = {
					826B3BD7299073E500D00B1F = {
						CreatedOnToolsVersion = 14.2;
					};
					826B3BE7299073F000D00B1F = {
						CreatedOnToolsVersion = 14.2;
						TestTargetID = 826B3BD7299073E500D00B1F;
					};
					826B3BF1299073F000D00B1F = {
						CreatedOnToolsVersion = 14.2;
						TestTargetID = 826B3BD7299073E500D00B1F;
					};
				};
			};
			buildConfigurationList = 826B3BD3299073E500D00B1F /* Build configuration list for PBXProject "SportsEventListCell" */;
			compatibilityVersion = "Xcode 14.0";
			developmentRegion = en;
			hasScannedForEncodings = 0;
			knownRegions = (
				en,
				Base,
			);
			mainGroup = 826B3BCF299073E500D00B1F;
			productRefGroup = 826B3BD9299073E500D00B1F /* Products */;
			projectDirPath = "";
			projectRoot = "";
			targets = (
				826B3BD7299073E500D00B1F /* SportsEventListCell */,
				826B3BE7299073F000D00B1F /* SportsEventListCellTests */,
				826B3BF1299073F000D00B1F /* SportsEventListCellUITests */,
			);
		};
/* End PBXProject section */

/* Begin PBXResourcesBuildPhase section */
		826B3BD6299073E500D00B1F /* Resources */ = {
			isa = PBXResourcesBuildPhase;
			buildActionMask = 2147483647;
			files = (
				826B3BE3299073EF00D00B1F /* Preview Assets.xcassets in Resources */,
				826B3BE0299073EF00D00B1F /* Assets.xcassets in Resources */,
			);
			runOnlyForDeploymentPostprocessing = 0;
		};
		826B3BE6299073F000D00B1F /* Resources */ = {
			isa = PBXResourcesBuildPhase;
			buildActionMask = 2147483647;
			files = (
			);
			runOnlyForDeploymentPostprocessing = 0;
		};
		826B3BF0299073F000D00B1F /* Resources */ = {
			isa = PBXResourcesBuildPhase;
			buildActionMask = 2147483647;
			files = (
			);
			runOnlyForDeploymentPostprocessing = 0;
		};
/* End PBXResourcesBuildPhase section */

/* Begin PBXSourcesBuildPhase section */
		826B3BD4299073E500D00B1F /* Sources */ = {
			isa = PBXSourcesBuildPhase;
			buildActionMask = 2147483647;
			files = (
				826B3BDE299073E500D00B1F /* ContentView.swift in Sources */,
				826B3BDC299073E500D00B1F /* SportsEventListCellApp.swift in Sources */,
			);
			runOnlyForDeploymentPostprocessing = 0;
		};
		826B3BE4299073F000D00B1F /* Sources */ = {
			isa = PBXSourcesBuildPhase;
			buildActionMask = 2147483647;
			files = (
				826B3BED299073F000D00B1F /* SportsEventListCellTests.swift in Sources */,
			);
			runOnlyForDeploymentPostprocessing = 0;
		};
		826B3BEE299073F000D00B1F /* Sources */ = {
			isa = PBXSourcesBuildPhase;
			buildActionMask = 2147483647;
			files = (
				826B3BF9299073F000D00B1F /* SportsEventListCellUITestsLaunchTests.swift in Sources */,
				826B3BF7299073F000D00B1F /* SportsEventListCellUITests.swift in Sources */,
			);
			runOnlyForDeploymentPostprocessing = 0;
		};
/* End PBXSourcesBuildPhase section */

/* Begin PBXTargetDependency section */
		826B3BEA299073F000D00B1F /* PBXTargetDependency */ = {
			isa = PBXTargetDependency;
			target = 826B3BD7299073E500D00B1F /* SportsEventListCell */;
			targetProxy = 826B3BE9299073F000D00B1F /* PBXContainerItemProxy */;
		};
		826B3BF4299073F000D00B1F /* PBXTargetDependency */ = {
			isa = PBXTargetDependency;
			target = 826B3BD7299073E500D00B1F /* SportsEventListCell */;
			targetProxy = 826B3BF3299073F000D00B1F /* PBXContainerItemProxy */;
		};
/* End PBXTargetDependency section */

/* Begin XCBuildConfiguration section */
		826B3BFA299073F000D00B1F /* Debug */ = {
			isa = XCBuildConfiguration;
			buildSettings = {
				ALWAYS_SEARCH_USER_PATHS = NO;
				CLANG_ANALYZER_NONNULL = YES;
				CLANG_ANALYZER_NUMBER_OBJECT_CONVERSION = YES_AGGRESSIVE;
				CLANG_CXX_LANGUAGE_STANDARD = "gnu++20";
				CLANG_ENABLE_MODULES = YES;
				CLANG_ENABLE_OBJC_ARC = YES;
				CLANG_ENABLE_OBJC_WEAK = YES;
				CLANG_WARN_BLOCK_CAPTURE_AUTORELEASING = YES;
				CLANG_WARN_BOOL_CONVERSION = YES;
				CLANG_WARN_COMMA = YES;
				CLANG_WARN_CONSTANT_CONVERSION = YES;
				CLANG_WARN_DEPRECATED_OBJC_IMPLEMENTATIONS = YES;
				CLANG_WARN_DIRECT_OBJC_ISA_USAGE = YES_ERROR;
				CLANG_WARN_DOCUMENTATION_COMMENTS = YES;
				CLANG_WARN_EMPTY_BODY = YES;
				CLANG_WARN_ENUM_CONVERSION = YES;
				CLANG_WARN_INFINITE_RECURSION = YES;
				CLANG_WARN_INT_CONVERSION = YES;
				CLANG_WARN_NON_LITERAL_NULL_CONVERSION = YES;
				CLANG_WARN_OBJC_IMPLICIT_RETAIN_SELF = YES;
				CLANG_WARN_OBJC_LITERAL_CONVERSION = YES;
				CLANG_WARN_OBJC_ROOT_CLASS = YES_ERROR;
				CLANG_WARN_QUOTED_INCLUDE_IN_FRAMEWORK_HEADER = YES;
				CLANG_WARN_RANGE_LOOP_ANALYSIS = YES;
				CLANG_WARN_STRICT_PROTOTYPES = YES;
				CLANG_WARN_SUSPICIOUS_MOVE = YES;
				CLANG_WARN_UNGUARDED_AVAILABILITY = YES_AGGRESSIVE;
				CLANG_WARN_UNREACHABLE_CODE = YES;
				CLANG_WARN__DUPLICATE_METHOD_MATCH = YES;
				COPY_PHASE_STRIP = NO;
				DEBUG_INFORMATION_FORMAT = dwarf;
				ENABLE_STRICT_OBJC_MSGSEND = YES;
				ENABLE_TESTABILITY = YES;
				GCC_C_LANGUAGE_STANDARD = gnu11;
				GCC_DYNAMIC_NO_PIC = NO;
				GCC_NO_COMMON_BLOCKS = YES;
				GCC_OPTIMIZATION_LEVEL = 0;
				GCC_PREPROCESSOR_DEFINITIONS = (
					"DEBUG=1",
					"$(inherited)",
				);
				GCC_WARN_64_TO_32_BIT_CONVERSION = YES;
				GCC_WARN_ABOUT_RETURN_TYPE = YES_ERROR;
				GCC_WARN_UNDECLARED_SELECTOR = YES;
				GCC_WARN_UNINITIALIZED_AUTOS = YES_AGGRESSIVE;
				GCC_WARN_UNUSED_FUNCTION = YES;
				GCC_WARN_UNUSED_VARIABLE = YES;
				IPHONEOS_DEPLOYMENT_TARGET = 16.2;
				MTL_ENABLE_DEBUG_INFO = INCLUDE_SOURCE;
				MTL_FAST_MATH = YES;
				ONLY_ACTIVE_ARCH = YES;
				SDKROOT = iphoneos;
				SWIFT_ACTIVE_COMPILATION_CONDITIONS = DEBUG;
				SWIFT_OPTIMIZATION_LEVEL = "-Onone";
			};
			name = Debug;
		};
		826B3BFB299073F000D00B1F /* Release */ = {
			isa = XCBuildConfiguration;
			buildSettings = {
				ALWAYS_SEARCH_USER_PATHS = NO;
				CLANG_ANALYZER_NONNULL = YES;
				CLANG_ANALYZER_NUMBER_OBJECT_CONVERSION = YES_AGGRESSIVE;
				CLANG_CXX_LANGUAGE_STANDARD = "gnu++20";
				CLANG_ENABLE_MODULES = YES;
				CLANG_ENABLE_OBJC_ARC = YES;
				CLANG_ENABLE_OBJC_WEAK = YES;
				CLANG_WARN_BLOCK_CAPTURE_AUTORELEASING = YES;
				CLANG_WARN_BOOL_CONVERSION = YES;
				CLANG_WARN_COMMA = YES;
				CLANG_WARN_CONSTANT_CONVERSION = YES;
				CLANG_WARN_DEPRECATED_OBJC_IMPLEMENTATIONS = YES;
				CLANG_WARN_DIRECT_OBJC_ISA_USAGE = YES_ERROR;
				CLANG_WARN_DOCUMENTATION_COMMENTS = YES;
				CLANG_WARN_EMPTY_BODY = YES;
				CLANG_WARN_ENUM_CONVERSION = YES;
				CLANG_WARN_INFINITE_RECURSION = YES;
				CLANG_WARN_INT_CONVERSION = YES;
				CLANG_WARN_NON_LITERAL_NULL_CONVERSION = YES;
				CLANG_WARN_OBJC_IMPLICIT_RETAIN_SELF = YES;
				CLANG_WARN_OBJC_LITERAL_CONVERSION = YES;
				CLANG_WARN_OBJC_ROOT_CLASS = YES_ERROR;
				CLANG_WARN_QUOTED_INCLUDE_IN_FRAMEWORK_HEADER = YES;
				CLANG_WARN_RANGE_LOOP_ANALYSIS = YES;
				CLANG_WARN_STRICT_PROTOTYPES = YES;
				CLANG_WARN_SUSPICIOUS_MOVE = YES;
				CLANG_WARN_UNGUARDED_AVAILABILITY = YES_AGGRESSIVE;
				CLANG_WARN_UNREACHABLE_CODE = YES;
				CLANG_WARN__DUPLICATE_METHOD_MATCH = YES;
				COPY_PHASE_STRIP = NO;
				DEBUG_INFORMATION_FORMAT = "dwarf-with-dsym";
				ENABLE_NS_ASSERTIONS = NO;
				ENABLE_STRICT_OBJC_MSGSEND = YES;
				GCC_C_LANGUAGE_STANDARD = gnu11;
				GCC_NO_COMMON_BLOCKS = YES;
				GCC_WARN_64_TO_32_BIT_CONVERSION = YES;
				GCC_WARN_ABOUT_RETURN_TYPE = YES_ERROR;
				GCC_WARN_UNDECLARED_SELECTOR = YES;
				GCC_WARN_UNINITIALIZED_AUTOS = YES_AGGRESSIVE;
				GCC_WARN_UNUSED_FUNCTION = YES;
				GCC_WARN_UNUSED_VARIABLE = YES;
				IPHONEOS_DEPLOYMENT_TARGET = 16.2;
				MTL_ENABLE_DEBUG_INFO = NO;
				MTL_FAST_MATH = YES;
				SDKROOT = iphoneos;
				SWIFT_COMPILATION_MODE = wholemodule;
				SWIFT_OPTIMIZATION_LEVEL = "-O";
				VALIDATE_PRODUCT = YES;
			};
			name = Release;
		};
		826B3BFD299073F000D00B1F /* Debug */ = {
			isa = XCBuildConfiguration;
			buildSettings = {
				ASSETCATALOG_COMPILER_APPICON_NAME = AppIcon;
				ASSETCATALOG_COMPILER_GLOBAL_ACCENT_COLOR_NAME = AccentColor;
				CODE_SIGN_STYLE = Automatic;
				CURRENT_PROJECT_VERSION = 1;
				DEVELOPMENT_ASSET_PATHS = "\"SportsEventListCell/Preview Content\"";
				ENABLE_PREVIEWS = YES;
				GENERATE_INFOPLIST_FILE = YES;
				INFOPLIST_KEY_UIApplicationSceneManifest_Generation = YES;
				INFOPLIST_KEY_UIApplicationSupportsIndirectInputEvents = YES;
				INFOPLIST_KEY_UILaunchScreen_Generation = YES;
				INFOPLIST_KEY_UISupportedInterfaceOrientations_iPad = "UIInterfaceOrientationPortrait UIInterfaceOrientationPortraitUpsideDown UIInterfaceOrientationLandscapeLeft UIInterfaceOrientationLandscapeRight";
				INFOPLIST_KEY_UISupportedInterfaceOrientations_iPhone = "UIInterfaceOrientationPortrait UIInterfaceOrientationLandscapeLeft UIInterfaceOrientationLandscapeRight";
				LD_RUNPATH_SEARCH_PATHS = (
					"$(inherited)",
					"@executable_path/Frameworks",
				);
				MARKETING_VERSION = 1.0;
				PRODUCT_BUNDLE_IDENTIFIER = edu.missouri.SportsEventListCell;
				PRODUCT_NAME = "$(TARGET_NAME)";
				SWIFT_EMIT_LOC_STRINGS = YES;
				SWIFT_VERSION = 5.0;
				TARGETED_DEVICE_FAMILY = "1,2";
			};
			name = Debug;
		};
		826B3BFE299073F000D00B1F /* Release */ = {
			isa = XCBuildConfiguration;
			buildSettings = {
				ASSETCATALOG_COMPILER_APPICON_NAME = AppIcon;
				ASSETCATALOG_COMPILER_GLOBAL_ACCENT_COLOR_NAME = AccentColor;
				CODE_SIGN_STYLE = Automatic;
				CURRENT_PROJECT_VERSION = 1;
				DEVELOPMENT_ASSET_PATHS = "\"SportsEventListCell/Preview Content\"";
				ENABLE_PREVIEWS = YES;
				GENERATE_INFOPLIST_FILE = YES;
				INFOPLIST_KEY_UIApplicationSceneManifest_Generation = YES;
				INFOPLIST_KEY_UIApplicationSupportsIndirectInputEvents = YES;
				INFOPLIST_KEY_UILaunchScreen_Generation = YES;
				INFOPLIST_KEY_UISupportedInterfaceOrientations_iPad = "UIInterfaceOrientationPortrait UIInterfaceOrientationPortraitUpsideDown UIInterfaceOrientationLandscapeLeft UIInterfaceOrientationLandscapeRight";
				INFOPLIST_KEY_UISupportedInterfaceOrientations_iPhone = "UIInterfaceOrientationPortrait UIInterfaceOrientationLandscapeLeft UIInterfaceOrientationLandscapeRight";
				LD_RUNPATH_SEARCH_PATHS = (
					"$(inherited)",
					"@executable_path/Frameworks",
				);
				MARKETING_VERSION = 1.0;
				PRODUCT_BUNDLE_IDENTIFIER = edu.missouri.SportsEventListCell;
				PRODUCT_NAME = "$(TARGET_NAME)";
				SWIFT_EMIT_LOC_STRINGS = YES;
				SWIFT_VERSION = 5.0;
				TARGETED_DEVICE_FAMILY = "1,2";
			};
			name = Release;
		};
		826B3C00299073F000D00B1F /* Debug */ = {
			isa = XCBuildConfiguration;
			buildSettings = {
				ALWAYS_EMBED_SWIFT_STANDARD_LIBRARIES = YES;
				BUNDLE_LOADER = "$(TEST_HOST)";
				CODE_SIGN_STYLE = Automatic;
				CURRENT_PROJECT_VERSION = 1;
				GENERATE_INFOPLIST_FILE = YES;
				IPHONEOS_DEPLOYMENT_TARGET = 16.2;
				MARKETING_VERSION = 1.0;
				PRODUCT_BUNDLE_IDENTIFIER = edu.missouri.SportsEventListCellTests;
				PRODUCT_NAME = "$(TARGET_NAME)";
				SWIFT_EMIT_LOC_STRINGS = NO;
				SWIFT_VERSION = 5.0;
				TARGETED_DEVICE_FAMILY = "1,2";
				TEST_HOST = "$(BUILT_PRODUCTS_DIR)/SportsEventListCell.app/$(BUNDLE_EXECUTABLE_FOLDER_PATH)/SportsEventListCell";
			};
			name = Debug;
		};
		826B3C01299073F000D00B1F /* Release */ = {
			isa = XCBuildConfiguration;
			buildSettings = {
				ALWAYS_EMBED_SWIFT_STANDARD_LIBRARIES = YES;
				BUNDLE_LOADER = "$(TEST_HOST)";
				CODE_SIGN_STYLE = Automatic;
				CURRENT_PROJECT_VERSION = 1;
				GENERATE_INFOPLIST_FILE = YES;
				IPHONEOS_DEPLOYMENT_TARGET = 16.2;
				MARKETING_VERSION = 1.0;
				PRODUCT_BUNDLE_IDENTIFIER = edu.missouri.SportsEventListCellTests;
				PRODUCT_NAME = "$(TARGET_NAME)";
				SWIFT_EMIT_LOC_STRINGS = NO;
				SWIFT_VERSION = 5.0;
				TARGETED_DEVICE_FAMILY = "1,2";
				TEST_HOST = "$(BUILT_PRODUCTS_DIR)/SportsEventListCell.app/$(BUNDLE_EXECUTABLE_FOLDER_PATH)/SportsEventListCell";
			};
			name = Release;
		};
		826B3C03299073F000D00B1F /* Debug */ = {
			isa = XCBuildConfiguration;
			buildSettings = {
				ALWAYS_EMBED_SWIFT_STANDARD_LIBRARIES = YES;
				CODE_SIGN_STYLE = Automatic;
				CURRENT_PROJECT_VERSION = 1;
				GENERATE_INFOPLIST_FILE = YES;
				MARKETING_VERSION = 1.0;
				PRODUCT_BUNDLE_IDENTIFIER = edu.missouri.SportsEventListCellUITests;
				PRODUCT_NAME = "$(TARGET_NAME)";
				SWIFT_EMIT_LOC_STRINGS = NO;
				SWIFT_VERSION = 5.0;
				TARGETED_DEVICE_FAMILY = "1,2";
				TEST_TARGET_NAME = SportsEventListCell;
			};
			name = Debug;
		};
		826B3C04299073F000D00B1F /* Release */ = {
			isa = XCBuildConfiguration;
			buildSettings = {
				ALWAYS_EMBED_SWIFT_STANDARD_LIBRARIES = YES;
				CODE_SIGN_STYLE = Automatic;
				CURRENT_PROJECT_VERSION = 1;
				GENERATE_INFOPLIST_FILE = YES;
				MARKETING_VERSION = 1.0;
				PRODUCT_BUNDLE_IDENTIFIER = edu.missouri.SportsEventListCellUITests;
				PRODUCT_NAME = "$(TARGET_NAME)";
				SWIFT_EMIT_LOC_STRINGS = NO;
				SWIFT_VERSION = 5.0;
				TARGETED_DEVICE_FAMILY = "1,2";
				TEST_TARGET_NAME = SportsEventListCell;
			};
			name = Release;
		};
/* End XCBuildConfiguration section */

/* Begin XCConfigurationList section */
		826B3BD3299073E500D00B1F /* Build configuration list for PBXProject "SportsEventListCell" */ = {
			isa = XCConfigurationList;
			buildConfigurations = (
				826B3BFA299073F000D00B1F /* Debug */,
				826B3BFB299073F000D00B1F /* Release */,
			);
			defaultConfigurationIsVisible = 0;
			defaultConfigurationName = Release;
		};
		826B3BFC299073F000D00B1F /* Build configuration list for PBXNativeTarget "SportsEventListCell" */ = {
			isa = XCConfigurationList;
			buildConfigurations = (
				826B3BFD299073F000D00B1F /* Debug */,
				826B3BFE299073F000D00B1F /* Release */,
			);
			defaultConfigurationIsVisible = 0;
			defaultConfigurationName = Release;
		};
		826B3BFF299073F000D00B1F /* Build configuration list for PBXNativeTarget "SportsEventListCellTests" */ = {
			isa = XCConfigurationList;
			buildConfigurations = (
				826B3C00299073F000D00B1F /* Debug */,
				826B3C01299073F000D00B1F /* Release */,
			);
			defaultConfigurationIsVisible = 0;
			defaultConfigurationName = Release;
		};
		826B3C02299073F000D00B1F /* Build configuration list for PBXNativeTarget "SportsEventListCellUITests" */ = {
			isa = XCConfigurationList;
			buildConfigurations = (
				826B3C03299073F000D00B1F /* Debug */,
				826B3C04299073F000D00B1F /* Release */,
			);
			defaultConfigurationIsVisible = 0;
			defaultConfigurationName = Release;
		};
/* End XCConfigurationList section */
	};
	rootObject = 826B3BD0299073E500D00B1F /* Project object */;
}
